{
  "version": 4,
  "terraform_version": "1.14.3",
  "serial": 394,
  "lineage": "6cd117e4-bee7-23eb-8e27-06583e3776e6",
  "outputs": {
    "api_gateway_id": {
      "value": "8ajfrnzdag",
      "type": "string"
    },
    "api_gateway_invoke_url": {
      "value": "https://8ajfrnzdag.execute-api.us-east-1.amazonaws.com/prod",
      "type": "string"
    },
    "companies_table_arn": {
      "value": "arn:aws:dynamodb:us-east-1:560232212166:table/kopera-company",
      "type": "string"
    },
    "companies_table_name": {
      "value": "kopera-company",
      "type": "string"
    },
    "kopera_asset_bucket_arn": {
      "value": "arn:aws:s3:::kopera-asset",
      "type": "string"
    },
    "kopera_asset_bucket_name": {
      "value": "kopera-asset",
      "type": "string"
    },
    "kopera_certificate_bucket_arn": {
      "value": "arn:aws:s3:::kopera-certificate",
      "type": "string"
    },
    "kopera_certificate_bucket_name": {
      "value": "kopera-certificate",
      "type": "string"
    },
    "kopera_certificate_prefix": {
      "value": "s3://kopera-certificate/certificates/",
      "type": "string"
    },
    "lambda_exec_role_arn": {
      "value": "arn:aws:iam::560232212166:role/certplatform-prod-lambda-exec",
      "type": "string"
    },
    "lambda_function_arn": {
      "value": "arn:aws:lambda:us-east-1:560232212166:function:certplatform-prod-certificate-handler",
      "type": "string"
    },
    "lambda_function_name": {
      "value": "certplatform-prod-certificate-handler",
      "type": "string"
    },
    "members_table_arn": {
      "value": "arn:aws:dynamodb:us-east-1:560232212166:table/kopera-member",
      "type": "string"
    },
    "members_table_name": {
      "value": "kopera-member",
      "type": "string"
    },
    "retrieval_lambda_function_arn": {
      "value": "arn:aws:lambda:us-east-1:560232212166:function:certplatform-prod-certificate-retrieval",
      "type": "string"
    },
    "retrieval_lambda_function_name": {
      "value": "certplatform-prod-certificate-retrieval",
      "type": "string"
    },
    "retrieve_endpoint": {
      "value": "https://8ajfrnzdag.execute-api.us-east-1.amazonaws.com/prod/retrieve?phone=\u003cphone_number\u003e",
      "type": "string"
    }
  },
  "resources": [
    {
      "mode": "data",
      "type": "aws_caller_identity",
      "name": "current",
      "provider": "provider[\"registry.terraform.io/hashicorp/aws\"]",
      "instances": [
        {
          "schema_version": 0,
          "attributes": {
            "account_id": "560232212166",
            "arn": "arn:aws:iam::560232212166:user/awscli-user",
            "id": "560232212166",
            "user_id": "AIDAYE4DRE3DHO2A4FSNY"
          },
          "sensitive_attributes": [],
          "identity_schema_version": 0
        }
      ]
    },
    {
      "mode": "data",
      "type": "aws_iam_policy_document",
      "name": "lambda_assume_role",
      "provider": "provider[\"registry.terraform.io/hashicorp/aws\"]",
      "instances": [
        {
          "schema_version": 0,
          "attributes": {
            "id": "666922913",
            "json": "{\n  \"Version\": \"2012-10-17\",\n  \"Statement\": [\n    {\n      \"Sid\": \"LambdaAssumeRole\",\n      \"Effect\": \"Allow\",\n      \"Action\": \"sts:AssumeRole\",\n      \"Principal\": {\n        \"Service\": \"lambda.amazonaws.com\"\n      }\n    }\n  ]\n}",
            "minified_json": "{\"Version\":\"2012-10-17\",\"Statement\":[{\"Sid\":\"LambdaAssumeRole\",\"Effect\":\"Allow\",\"Action\":\"sts:AssumeRole\",\"Principal\":{\"Service\":\"lambda.amazonaws.com\"}}]}",
            "override_json": null,
            "override_policy_documents": null,
            "policy_id": null,
            "source_json": null,
            "source_policy_documents": null,
            "statement": [
              {
                "actions": [
                  "sts:AssumeRole"
                ],
                "condition": [],
                "effect": "Allow",
                "not_actions": [],
                "not_principals": [],
                "not_resources": [],
                "principals": [
                  {
                    "identifiers": [
                      "lambda.amazonaws.com"
                    ],
                    "type": "Service"
                  }
                ],
                "resources": [],
                "sid": "LambdaAssumeRole"
              }
            ],
            "version": "2012-10-17"
          },
          "sensitive_attributes": [],
          "identity_schema_version": 0
        }
      ]
    },
    {
      "mode": "data",
      "type": "aws_partition",
      "name": "current",
      "provider": "provider[\"registry.terraform.io/hashicorp/aws\"]",
      "instances": [
        {
          "schema_version": 0,
          "attributes": {
            "dns_suffix": "amazonaws.com",
            "id": "aws",
            "partition": "aws",
            "reverse_dns_prefix": "com.amazonaws"
          },
          "sensitive_attributes": [],
          "identity_schema_version": 0
        }
      ]
    },
    {
      "mode": "managed",
      "type": "aws_api_gateway_deployment",
      "name": "main",
      "provider": "provider[\"registry.terraform.io/hashicorp/aws\"]",
      "instances": [
        {
          "schema_version": 0,
          "attributes": {
            "canary_settings": [],
            "created_date": "2026-03-09T15:26:09Z",
            "description": "",
            "execution_arn": "arn:aws:execute-api:us-east-1:560232212166:8ajfrnzdag/",
            "id": "hmhz53",
            "invoke_url": "https://8ajfrnzdag.execute-api.us-east-1.amazonaws.com/",
            "rest_api_id": "8ajfrnzdag",
            "stage_description": null,
            "stage_name": null,
            "triggers": {
              "redeployment": "413d8084c7862850a0f1b6671147c32d736a01de"
            },
            "variables": null
          },
          "sensitive_attributes": [],
          "identity_schema_version": 0,
          "private": "bnVsbA==",
          "dependencies": [
            "aws_api_gateway_integration.certificate_item_get",
            "aws_api_gateway_integration.certificates_post",
            "aws_api_gateway_integration.companies_get",
            "aws_api_gateway_integration.companies_post",
            "aws_api_gateway_integration.members_edit_options",
            "aws_api_gateway_integration.members_edit_post",
            "aws_api_gateway_integration.members_get",
            "aws_api_gateway_integration.members_list_get",
            "aws_api_gateway_integration.members_list_options",
            "aws_api_gateway_integration.members_post",
            "aws_api_gateway_integration.members_update_options",
            "aws_api_gateway_integration.members_update_post",
            "aws_api_gateway_integration.retrieve_get",
            "aws_api_gateway_integration_response.members_edit_options",
            "aws_api_gateway_integration_response.members_list_options",
            "aws_api_gateway_integration_response.members_update_options",
            "aws_api_gateway_method.certificate_item_get",
            "aws_api_gateway_method.certificates_post",
            "aws_api_gateway_method.companies_get",
            "aws_api_gateway_method.companies_post",
            "aws_api_gateway_method.members_edit_options",
            "aws_api_gateway_method.members_edit_post",
            "aws_api_gateway_method.members_get",
            "aws_api_gateway_method.members_list_get",
            "aws_api_gateway_method.members_list_options",
            "aws_api_gateway_method.members_post",
            "aws_api_gateway_method.members_update_options",
            "aws_api_gateway_method.members_update_post",
            "aws_api_gateway_method.retrieve_get",
            "aws_api_gateway_method_response.members_edit_options_200",
            "aws_api_gateway_method_response.members_list_options_200",
            "aws_api_gateway_method_response.members_update_options_200",
            "aws_api_gateway_method_response.retrieve_get_200",
            "aws_api_gateway_resource.certificate_item",
            "aws_api_gateway_resource.certificates",
            "aws_api_gateway_resource.companies",
            "aws_api_gateway_resource.members",
            "aws_api_gateway_resource.members_edit",
            "aws_api_gateway_resource.members_list",
            "aws_api_gateway_resource.members_update",
            "aws_api_gateway_resource.retrieve",
            "aws_api_gateway_rest_api.main",
            "aws_dynamodb_table.kopera-admin",
            "aws_dynamodb_table.kopera-company",
            "aws_dynamodb_table.kopera-member",
            "aws_iam_role.lambda_exec",
            "aws_iam_role.lambda_retrieval_exec",
            "aws_iam_role_policy.lambda_apigw",
            "aws_iam_role_policy.lambda_cloudwatch",
            "aws_iam_role_policy.lambda_dynamodb",
            "aws_iam_role_policy.lambda_s3",
            "aws_iam_role_policy.retrieval_apigw",
            "aws_iam_role_policy.retrieval_cloudwatch",
            "aws_iam_role_policy.retrieval_dynamodb_scan",
            "aws_iam_role_policy.retrieval_s3",
            "aws_lambda_function.certificate_handler",
            "aws_lambda_function.certificate_retrieval",
            "aws_s3_bucket.kopera-asset",
            "aws_s3_bucket.kopera-certificate",
            "data.aws_caller_identity.current",
            "data.aws_iam_policy_document.lambda_assume_role",
            "data.aws_partition.current"
          ],
          "create_before_destroy": true
        }
      ]
    },
    {
      "mode": "managed",
      "type": "aws_api_gateway_integration",
      "name": "auth_login_options",
      "provider": "provider[\"registry.terraform.io/hashicorp/aws\"]",
      "instances": [
        {
          "schema_version": 0,
          "attributes": {
            "cache_key_parameters": null,
            "cache_namespace": "2ud0od",
            "connection_id": "",
            "connection_type": "INTERNET",
            "content_handling": "",
            "credentials": "",
            "http_method": "OPTIONS",
            "id": "agi-8ajfrnzdag-2ud0od-OPTIONS",
            "integration_http_method": "",
            "passthrough_behavior": "WHEN_NO_MATCH",
            "request_parameters": null,
            "request_templates": {
              "application/json": "{\"statusCode\": 200}"
            },
            "resource_id": "2ud0od",
            "rest_api_id": "8ajfrnzdag",
            "timeout_milliseconds": 29000,
            "tls_config": [],
            "type": "MOCK",
            "uri": ""
          },
          "sensitive_attributes": [],
          "identity_schema_version": 0,
          "private": "bnVsbA==",
          "dependencies": [
            "aws_api_gateway_method.auth_login_options",
            "aws_api_gateway_resource.auth",
            "aws_api_gateway_resource.auth_login",
            "aws_api_gateway_rest_api.main"
          ]
        }
      ]
    },
    {
      "mode": "managed",
      "type": "aws_api_gateway_integration",
      "name": "auth_login_post",
      "provider": "provider[\"registry.terraform.io/hashicorp/aws\"]",
      "instances": [
        {
          "schema_version": 0,
          "attributes": {
            "cache_key_parameters": null,
            "cache_namespace": "2ud0od",
            "connection_id": "",
            "connection_type": "INTERNET",
            "content_handling": "",
            "credentials": "",
            "http_method": "POST",
            "id": "agi-8ajfrnzdag-2ud0od-POST",
            "integration_http_method": "POST",
            "passthrough_behavior": "WHEN_NO_MATCH",
            "request_parameters": null,
            "request_templates": null,
            "resource_id": "2ud0od",
            "rest_api_id": "8ajfrnzdag",
            "timeout_milliseconds": 29000,
            "tls_config": [],
            "type": "AWS_PROXY",
            "uri": "arn:aws:apigateway:us-east-1:lambda:path/2015-03-31/functions/arn:aws:lambda:us-east-1:560232212166:function:certplatform-prod-certificate-handler/invocations"
          },
          "sensitive_attributes": [],
          "identity_schema_version": 0,
          "private": "bnVsbA==",
          "dependencies": [
            "aws_api_gateway_method.auth_login_post",
            "aws_api_gateway_resource.auth",
            "aws_api_gateway_resource.auth_login",
            "aws_api_gateway_rest_api.main",
            "aws_dynamodb_table.kopera-admin",
            "aws_dynamodb_table.kopera-company",
            "aws_dynamodb_table.kopera-member",
            "aws_iam_role.lambda_exec",
            "aws_iam_role_policy.lambda_apigw",
            "aws_iam_role_policy.lambda_cloudwatch",
            "aws_iam_role_policy.lambda_dynamodb",
            "aws_iam_role_policy.lambda_s3",
            "aws_lambda_function.certificate_handler",
            "aws_s3_bucket.kopera-asset",
            "aws_s3_bucket.kopera-certificate",
            "data.aws_caller_identity.current",
            "data.aws_iam_policy_document.lambda_assume_role",
            "data.aws_partition.current"
          ]
        }
      ]
    },
    {
      "mode": "managed",
      "type": "aws_api_gateway_integration",
      "name": "certificate_item_get",
      "provider": "provider[\"registry.terraform.io/hashicorp/aws\"]",
      "instances": [
        {
          "schema_version": 0,
          "attributes": {
            "cache_key_parameters": [],
            "cache_namespace": "n7563b",
            "connection_id": "",
            "connection_type": "INTERNET",
            "content_handling": "",
            "credentials": "",
            "http_method": "GET",
            "id": "agi-8ajfrnzdag-n7563b-GET",
            "integration_http_method": "POST",
            "passthrough_behavior": "WHEN_NO_MATCH",
            "request_parameters": {},
            "request_templates": {},
            "resource_id": "n7563b",
            "rest_api_id": "8ajfrnzdag",
            "timeout_milliseconds": 29000,
            "tls_config": [],
            "type": "AWS_PROXY",
            "uri": "arn:aws:apigateway:us-east-1:lambda:path/2015-03-31/functions/arn:aws:lambda:us-east-1:560232212166:function:certplatform-prod-certificate-handler/invocations"
          },
          "sensitive_attributes": [],
          "identity_schema_version": 0,
          "private": "bnVsbA==",
          "dependencies": [
            "aws_api_gateway_method.certificate_item_get",
            "aws_api_gateway_resource.certificate_item",
            "aws_api_gateway_resource.certificates",
            "aws_api_gateway_rest_api.main",
            "aws_dynamodb_table.kopera-admin",
            "aws_dynamodb_table.kopera-company",
            "aws_dynamodb_table.kopera-member",
            "aws_iam_role.lambda_exec",
            "aws_iam_role_policy.lambda_apigw",
            "aws_iam_role_policy.lambda_cloudwatch",
            "aws_iam_role_policy.lambda_dynamodb",
            "aws_iam_role_policy.lambda_s3",
            "aws_lambda_function.certificate_handler",
            "aws_s3_bucket.kopera-asset",
            "aws_s3_bucket.kopera-certificate",
            "data.aws_caller_identity.current",
            "data.aws_iam_policy_document.lambda_assume_role",
            "data.aws_partition.current"
          ],
          "create_before_destroy": true
        }
      ]
    },
    {
      "mode": "managed",
      "type": "aws_api_gateway_integration",
      "name": "certificates_post",
      "provider": "provider[\"registry.terraform.io/hashicorp/aws\"]",
      "instances": [
        {
          "schema_version": 0,
          "attributes": {
            "cache_key_parameters": [],
            "cache_namespace": "hqxsl5",
            "connection_id": "",
            "connection_type": "INTERNET",
            "content_handling": "",
            "credentials": "",
            "http_method": "POST",
            "id": "agi-8ajfrnzdag-hqxsl5-POST",
            "integration_http_method": "POST",
            "passthrough_behavior": "WHEN_NO_MATCH",
            "request_parameters": {},
            "request_templates": {},
            "resource_id": "hqxsl5",
            "rest_api_id": "8ajfrnzdag",
            "timeout_milliseconds": 29000,
            "tls_config": [],
            "type": "AWS_PROXY",
            "uri": "arn:aws:apigateway:us-east-1:lambda:path/2015-03-31/functions/arn:aws:lambda:us-east-1:560232212166:function:certplatform-prod-certificate-handler/invocations"
          },
          "sensitive_attributes": [],
          "identity_schema_version": 0,
          "private": "bnVsbA==",
          "dependencies": [
            "aws_api_gateway_method.certificates_post",
            "aws_api_gateway_resource.certificates",
            "aws_api_gateway_rest_api.main",
            "aws_dynamodb_table.kopera-admin",
            "aws_dynamodb_table.kopera-company",
            "aws_dynamodb_table.kopera-member",
            "aws_iam_role.lambda_exec",
            "aws_iam_role_policy.lambda_apigw",
            "aws_iam_role_policy.lambda_cloudwatch",
            "aws_iam_role_policy.lambda_dynamodb",
            "aws_iam_role_policy.lambda_s3",
            "aws_lambda_function.certificate_handler",
            "aws_s3_bucket.kopera-asset",
            "aws_s3_bucket.kopera-certificate",
            "data.aws_caller_identity.current",
            "data.aws_iam_policy_document.lambda_assume_role",
            "data.aws_partition.current"
          ],
          "create_before_destroy": true
        }
      ]
    },
    {
      "mode": "managed",
      "type": "aws_api_gateway_integration",
      "name": "companies_get",
      "provider": "provider[\"registry.terraform.io/hashicorp/aws\"]",
      "instances": [
        {
          "schema_version": 0,
          "attributes": {
            "cache_key_parameters": [],
            "cache_namespace": "q1xzzg",
            "connection_id": "",
            "connection_type": "INTERNET",
            "content_handling": "",
            "credentials": "",
            "http_method": "GET",
            "id": "agi-8ajfrnzdag-q1xzzg-GET",
            "integration_http_method": "POST",
            "passthrough_behavior": "WHEN_NO_MATCH",
            "request_parameters": {},
            "request_templates": {},
            "resource_id": "q1xzzg",
            "rest_api_id": "8ajfrnzdag",
            "timeout_milliseconds": 29000,
            "tls_config": [],
            "type": "AWS_PROXY",
            "uri": "arn:aws:apigateway:us-east-1:lambda:path/2015-03-31/functions/arn:aws:lambda:us-east-1:560232212166:function:certplatform-prod-certificate-handler/invocations"
          },
          "sensitive_attributes": [],
          "identity_schema_version": 0,
          "private": "bnVsbA==",
          "dependencies": [
            "aws_api_gateway_method.companies_get",
            "aws_api_gateway_resource.companies",
            "aws_api_gateway_rest_api.main",
            "aws_dynamodb_table.kopera-admin",
            "aws_dynamodb_table.kopera-company",
            "aws_dynamodb_table.kopera-member",
            "aws_iam_role.lambda_exec",
            "aws_iam_role_policy.lambda_apigw",
            "aws_iam_role_policy.lambda_cloudwatch",
            "aws_iam_role_policy.lambda_dynamodb",
            "aws_iam_role_policy.lambda_s3",
            "aws_lambda_function.certificate_handler",
            "aws_s3_bucket.kopera-asset",
            "aws_s3_bucket.kopera-certificate",
            "data.aws_caller_identity.current",
            "data.aws_iam_policy_document.lambda_assume_role",
            "data.aws_partition.current"
          ],
          "create_before_destroy": true
        }
      ]
    },
    {
      "mode": "managed",
      "type": "aws_api_gateway_integration",
      "name": "companies_post",
      "provider": "provider[\"registry.terraform.io/hashicorp/aws\"]",
      "instances": [
        {
          "schema_version": 0,
          "attributes": {
            "cache_key_parameters": [],
            "cache_namespace": "q1xzzg",
            "connection_id": "",
            "connection_type": "INTERNET",
            "content_handling": "",
            "credentials": "",
            "http_method": "POST",
            "id": "agi-8ajfrnzdag-q1xzzg-POST",
            "integration_http_method": "POST",
            "passthrough_behavior": "WHEN_NO_MATCH",
            "request_parameters": {},
            "request_templates": {},
            "resource_id": "q1xzzg",
            "rest_api_id": "8ajfrnzdag",
            "timeout_milliseconds": 29000,
            "tls_config": [],
            "type": "AWS_PROXY",
            "uri": "arn:aws:apigateway:us-east-1:lambda:path/2015-03-31/functions/arn:aws:lambda:us-east-1:560232212166:function:certplatform-prod-certificate-handler/invocations"
          },
          "sensitive_attributes": [],
          "identity_schema_version": 0,
          "private": "bnVsbA==",
          "dependencies": [
            "aws_api_gateway_method.companies_post",
            "aws_api_gateway_resource.companies",
            "aws_api_gateway_rest_api.main",
            "aws_dynamodb_table.kopera-admin",
            "aws_dynamodb_table.kopera-company",
            "aws_dynamodb_table.kopera-member",
            "aws_iam_role.lambda_exec",
            "aws_iam_role_policy.lambda_apigw",
            "aws_iam_role_policy.lambda_cloudwatch",
            "aws_iam_role_policy.lambda_dynamodb",
            "aws_iam_role_policy.lambda_s3",
            "aws_lambda_function.certificate_handler",
            "aws_s3_bucket.kopera-asset",
            "aws_s3_bucket.kopera-certificate",
            "data.aws_caller_identity.current",
            "data.aws_iam_policy_document.lambda_assume_role",
            "data.aws_partition.current"
          ],
          "create_before_destroy": true
        }
      ]
    },
    {
      "mode": "managed",
      "type": "aws_api_gateway_integration",
      "name": "members_edit_options",
      "provider": "provider[\"registry.terraform.io/hashicorp/aws\"]",
      "instances": [
        {
          "schema_version": 0,
          "attributes": {
            "cache_key_parameters": [],
            "cache_namespace": "pihxch",
            "connection_id": "",
            "connection_type": "INTERNET",
            "content_handling": "",
            "credentials": "",
            "http_method": "OPTIONS",
            "id": "agi-8ajfrnzdag-pihxch-OPTIONS",
            "integration_http_method": "",
            "passthrough_behavior": "WHEN_NO_MATCH",
            "request_parameters": {},
            "request_templates": {
              "application/json": "{\"statusCode\": 200}"
            },
            "resource_id": "pihxch",
            "rest_api_id": "8ajfrnzdag",
            "timeout_milliseconds": 29000,
            "tls_config": [],
            "type": "MOCK",
            "uri": ""
          },
          "sensitive_attributes": [],
          "identity_schema_version": 0,
          "private": "bnVsbA==",
          "dependencies": [
            "aws_api_gateway_method.members_edit_options",
            "aws_api_gateway_resource.members",
            "aws_api_gateway_resource.members_edit",
            "aws_api_gateway_rest_api.main"
          ],
          "create_before_destroy": true
        }
      ]
    },
    {
      "mode": "managed",
      "type": "aws_api_gateway_integration",
      "name": "members_edit_post",
      "provider": "provider[\"registry.terraform.io/hashicorp/aws\"]",
      "instances": [
        {
          "schema_version": 0,
          "attributes": {
            "cache_key_parameters": [],
            "cache_namespace": "pihxch",
            "connection_id": "",
            "connection_type": "INTERNET",
            "content_handling": "",
            "credentials": "",
            "http_method": "POST",
            "id": "agi-8ajfrnzdag-pihxch-POST",
            "integration_http_method": "POST",
            "passthrough_behavior": "WHEN_NO_MATCH",
            "request_parameters": {},
            "request_templates": {},
            "resource_id": "pihxch",
            "rest_api_id": "8ajfrnzdag",
            "timeout_milliseconds": 29000,
            "tls_config": [],
            "type": "AWS_PROXY",
            "uri": "arn:aws:apigateway:us-east-1:lambda:path/2015-03-31/functions/arn:aws:lambda:us-east-1:560232212166:function:certplatform-prod-certificate-handler/invocations"
          },
          "sensitive_attributes": [],
          "identity_schema_version": 0,
          "private": "bnVsbA==",
          "dependencies": [
            "aws_api_gateway_method.members_edit_post",
            "aws_api_gateway_resource.members",
            "aws_api_gateway_resource.members_edit",
            "aws_api_gateway_rest_api.main",
            "aws_dynamodb_table.kopera-admin",
            "aws_dynamodb_table.kopera-company",
            "aws_dynamodb_table.kopera-member",
            "aws_iam_role.lambda_exec",
            "aws_iam_role_policy.lambda_apigw",
            "aws_iam_role_policy.lambda_cloudwatch",
            "aws_iam_role_policy.lambda_dynamodb",
            "aws_iam_role_policy.lambda_s3",
            "aws_lambda_function.certificate_handler",
            "aws_s3_bucket.kopera-asset",
            "aws_s3_bucket.kopera-certificate",
            "data.aws_caller_identity.current",
            "data.aws_iam_policy_document.lambda_assume_role",
            "data.aws_partition.current"
          ],
          "create_before_destroy": true
        }
      ]
    },
    {
      "mode": "managed",
      "type": "aws_api_gateway_integration",
      "name": "members_get",
      "provider": "provider[\"registry.terraform.io/hashicorp/aws\"]",
      "instances": [
        {
          "schema_version": 0,
          "attributes": {
            "cache_key_parameters": [],
            "cache_namespace": "catw9k",
            "connection_id": "",
            "connection_type": "INTERNET",
            "content_handling": "",
            "credentials": "",
            "http_method": "GET",
            "id": "agi-8ajfrnzdag-catw9k-GET",
            "integration_http_method": "POST",
            "passthrough_behavior": "WHEN_NO_MATCH",
            "request_parameters": {},
            "request_templates": {},
            "resource_id": "catw9k",
            "rest_api_id": "8ajfrnzdag",
            "timeout_milliseconds": 29000,
            "tls_config": [],
            "type": "AWS_PROXY",
            "uri": "arn:aws:apigateway:us-east-1:lambda:path/2015-03-31/functions/arn:aws:lambda:us-east-1:560232212166:function:certplatform-prod-certificate-handler/invocations"
          },
          "sensitive_attributes": [],
          "identity_schema_version": 0,
          "private": "bnVsbA==",
          "dependencies": [
            "aws_api_gateway_method.members_get",
            "aws_api_gateway_resource.members",
            "aws_api_gateway_rest_api.main",
            "aws_dynamodb_table.kopera-admin",
            "aws_dynamodb_table.kopera-company",
            "aws_dynamodb_table.kopera-member",
            "aws_iam_role.lambda_exec",
            "aws_iam_role_policy.lambda_apigw",
            "aws_iam_role_policy.lambda_cloudwatch",
            "aws_iam_role_policy.lambda_dynamodb",
            "aws_iam_role_policy.lambda_s3",
            "aws_lambda_function.certificate_handler",
            "aws_s3_bucket.kopera-asset",
            "aws_s3_bucket.kopera-certificate",
            "data.aws_caller_identity.current",
            "data.aws_iam_policy_document.lambda_assume_role",
            "data.aws_partition.current"
          ],
          "create_before_destroy": true
        }
      ]
    },
    {
      "mode": "managed",
      "type": "aws_api_gateway_integration",
      "name": "members_list_get",
      "provider": "provider[\"registry.terraform.io/hashicorp/aws\"]",
      "instances": [
        {
          "schema_version": 0,
          "attributes": {
            "cache_key_parameters": [],
            "cache_namespace": "myhoek",
            "connection_id": "",
            "connection_type": "INTERNET",
            "content_handling": "",
            "credentials": "",
            "http_method": "GET",
            "id": "agi-8ajfrnzdag-myhoek-GET",
            "integration_http_method": "POST",
            "passthrough_behavior": "WHEN_NO_MATCH",
            "request_parameters": {},
            "request_templates": {},
            "resource_id": "myhoek",
            "rest_api_id": "8ajfrnzdag",
            "timeout_milliseconds": 29000,
            "tls_config": [],
            "type": "AWS_PROXY",
            "uri": "arn:aws:apigateway:us-east-1:lambda:path/2015-03-31/functions/arn:aws:lambda:us-east-1:560232212166:function:certplatform-prod-certificate-handler/invocations"
          },
          "sensitive_attributes": [],
          "identity_schema_version": 0,
          "private": "bnVsbA==",
          "dependencies": [
            "aws_api_gateway_method.members_list_get",
            "aws_api_gateway_resource.members",
            "aws_api_gateway_resource.members_list",
            "aws_api_gateway_rest_api.main",
            "aws_dynamodb_table.kopera-admin",
            "aws_dynamodb_table.kopera-company",
            "aws_dynamodb_table.kopera-member",
            "aws_iam_role.lambda_exec",
            "aws_iam_role_policy.lambda_apigw",
            "aws_iam_role_policy.lambda_cloudwatch",
            "aws_iam_role_policy.lambda_dynamodb",
            "aws_iam_role_policy.lambda_s3",
            "aws_lambda_function.certificate_handler",
            "aws_s3_bucket.kopera-asset",
            "aws_s3_bucket.kopera-certificate",
            "data.aws_caller_identity.current",
            "data.aws_iam_policy_document.lambda_assume_role",
            "data.aws_partition.current"
          ],
          "create_before_destroy": true
        }
      ]
    },
    {
      "mode": "managed",
      "type": "aws_api_gateway_integration",
      "name": "members_list_options",
      "provider": "provider[\"registry.terraform.io/hashicorp/aws\"]",
      "instances": [
        {
          "schema_version": 0,
          "attributes": {
            "cache_key_parameters": [],
            "cache_namespace": "myhoek",
            "connection_id": "",
            "connection_type": "INTERNET",
            "content_handling": "",
            "credentials": "",
            "http_method": "OPTIONS",
            "id": "agi-8ajfrnzdag-myhoek-OPTIONS",
            "integration_http_method": "",
            "passthrough_behavior": "WHEN_NO_MATCH",
            "request_parameters": {},
            "request_templates": {
              "application/json": "{\"statusCode\": 200}"
            },
            "resource_id": "myhoek",
            "rest_api_id": "8ajfrnzdag",
            "timeout_milliseconds": 29000,
            "tls_config": [],
            "type": "MOCK",
            "uri": ""
          },
          "sensitive_attributes": [],
          "identity_schema_version": 0,
          "private": "bnVsbA==",
          "dependencies": [
            "aws_api_gateway_method.members_list_options",
            "aws_api_gateway_resource.members",
            "aws_api_gateway_resource.members_list",
            "aws_api_gateway_rest_api.main"
          ],
          "create_before_destroy": true
        }
      ]
    },
    {
      "mode": "managed",
      "type": "aws_api_gateway_integration",
      "name": "members_post",
      "provider": "provider[\"registry.terraform.io/hashicorp/aws\"]",
      "instances": [
        {
          "schema_version": 0,
          "attributes": {
            "cache_key_parameters": [],
            "cache_namespace": "catw9k",
            "connection_id": "",
            "connection_type": "INTERNET",
            "content_handling": "",
            "credentials": "",
            "http_method": "POST",
            "id": "agi-8ajfrnzdag-catw9k-POST",
            "integration_http_method": "POST",
            "passthrough_behavior": "WHEN_NO_MATCH",
            "request_parameters": {},
            "request_templates": {},
            "resource_id": "catw9k",
            "rest_api_id": "8ajfrnzdag",
            "timeout_milliseconds": 29000,
            "tls_config": [],
            "type": "AWS_PROXY",
            "uri": "arn:aws:apigateway:us-east-1:lambda:path/2015-03-31/functions/arn:aws:lambda:us-east-1:560232212166:function:certplatform-prod-certificate-handler/invocations"
          },
          "sensitive_attributes": [],
          "identity_schema_version": 0,
          "private": "bnVsbA==",
          "dependencies": [
            "aws_api_gateway_method.members_post",
            "aws_api_gateway_resource.members",
            "aws_api_gateway_rest_api.main",
            "aws_dynamodb_table.kopera-admin",
            "aws_dynamodb_table.kopera-company",
            "aws_dynamodb_table.kopera-member",
            "aws_iam_role.lambda_exec",
            "aws_iam_role_policy.lambda_apigw",
            "aws_iam_role_policy.lambda_cloudwatch",
            "aws_iam_role_policy.lambda_dynamodb",
            "aws_iam_role_policy.lambda_s3",
            "aws_lambda_function.certificate_handler",
            "aws_s3_bucket.kopera-asset",
            "aws_s3_bucket.kopera-certificate",
            "data.aws_caller_identity.current",
            "data.aws_iam_policy_document.lambda_assume_role",
            "data.aws_partition.current"
          ],
          "create_before_destroy": true
        }
      ]
    },
    {
      "mode": "managed",
      "type": "aws_api_gateway_integration",
      "name": "members_update_options",
      "provider": "provider[\"registry.terraform.io/hashicorp/aws\"]",
      "instances": [
        {
          "schema_version": 0,
          "attributes": {
            "cache_key_parameters": [],
            "cache_namespace": "3ql004",
            "connection_id": "",
            "connection_type": "INTERNET",
            "content_handling": "",
            "credentials": "",
            "http_method": "OPTIONS",
            "id": "agi-8ajfrnzdag-3ql004-OPTIONS",
            "integration_http_method": "",
            "passthrough_behavior": "WHEN_NO_MATCH",
            "request_parameters": {},
            "request_templates": {
              "application/json": "{\"statusCode\": 200}"
            },
            "resource_id": "3ql004",
            "rest_api_id": "8ajfrnzdag",
            "timeout_milliseconds": 29000,
            "tls_config": [],
            "type": "MOCK",
            "uri": ""
          },
          "sensitive_attributes": [],
          "identity_schema_version": 0,
          "private": "bnVsbA==",
          "dependencies": [
            "aws_api_gateway_method.members_update_options",
            "aws_api_gateway_resource.members",
            "aws_api_gateway_resource.members_update",
            "aws_api_gateway_rest_api.main"
          ],
          "create_before_destroy": true
        }
      ]
    },
    {
      "mode": "managed",
      "type": "aws_api_gateway_integration",
      "name": "members_update_post",
      "provider": "provider[\"registry.terraform.io/hashicorp/aws\"]",
      "instances": [
        {
          "schema_version": 0,
          "attributes": {
            "cache_key_parameters": [],
            "cache_namespace": "3ql004",
            "connection_id": "",
            "connection_type": "INTERNET",
            "content_handling": "",
            "credentials": "",
            "http_method": "POST",
            "id": "agi-8ajfrnzdag-3ql004-POST",
            "integration_http_method": "POST",
            "passthrough_behavior": "WHEN_NO_MATCH",
            "request_parameters": {},
            "request_templates": {},
            "resource_id": "3ql004",
            "rest_api_id": "8ajfrnzdag",
            "timeout_milliseconds": 29000,
            "tls_config": [],
            "type": "AWS_PROXY",
            "uri": "arn:aws:apigateway:us-east-1:lambda:path/2015-03-31/functions/arn:aws:lambda:us-east-1:560232212166:function:certplatform-prod-certificate-handler/invocations"
          },
          "sensitive_attributes": [],
          "identity_schema_version": 0,
          "private": "bnVsbA==",
          "dependencies": [
            "aws_api_gateway_method.members_update_post",
            "aws_api_gateway_resource.members",
            "aws_api_gateway_resource.members_update",
            "aws_api_gateway_rest_api.main",
            "aws_dynamodb_table.kopera-admin",
            "aws_dynamodb_table.kopera-company",
            "aws_dynamodb_table.kopera-member",
            "aws_iam_role.lambda_exec",
            "aws_iam_role_policy.lambda_apigw",
            "aws_iam_role_policy.lambda_cloudwatch",
            "aws_iam_role_policy.lambda_dynamodb",
            "aws_iam_role_policy.lambda_s3",
            "aws_lambda_function.certificate_handler",
            "aws_s3_bucket.kopera-asset",
            "aws_s3_bucket.kopera-certificate",
            "data.aws_caller_identity.current",
            "data.aws_iam_policy_document.lambda_assume_role",
            "data.aws_partition.current"
          ],
          "create_before_destroy": true
        }
      ]
    },
    {
      "mode": "managed",
      "type": "aws_api_gateway_integration",
      "name": "retrieve_get",
      "provider": "provider[\"registry.terraform.io/hashicorp/aws\"]",
      "instances": [
        {
          "schema_version": 0,
          "attributes": {
            "cache_key_parameters": [],
            "cache_namespace": "c5nbol",
            "connection_id": "",
            "connection_type": "INTERNET",
            "content_handling": "",
            "credentials": "",
            "http_method": "GET",
            "id": "agi-8ajfrnzdag-c5nbol-GET",
            "integration_http_method": "POST",
            "passthrough_behavior": "WHEN_NO_MATCH",
            "request_parameters": {},
            "request_templates": {},
            "resource_id": "c5nbol",
            "rest_api_id": "8ajfrnzdag",
            "timeout_milliseconds": 29000,
            "tls_config": [],
            "type": "AWS_PROXY",
            "uri": "arn:aws:apigateway:us-east-1:lambda:path/2015-03-31/functions/arn:aws:lambda:us-east-1:560232212166:function:certplatform-prod-certificate-retrieval/invocations"
          },
          "sensitive_attributes": [],
          "identity_schema_version": 0,
          "private": "bnVsbA==",
          "dependencies": [
            "aws_api_gateway_method.retrieve_get",
            "aws_api_gateway_resource.retrieve",
            "aws_api_gateway_rest_api.main",
            "aws_dynamodb_table.kopera-member",
            "aws_iam_role.lambda_retrieval_exec",
            "aws_iam_role_policy.retrieval_apigw",
            "aws_iam_role_policy.retrieval_cloudwatch",
            "aws_iam_role_policy.retrieval_dynamodb_scan",
            "aws_iam_role_policy.retrieval_s3",
            "aws_lambda_function.certificate_retrieval",
            "aws_s3_bucket.kopera-asset",
            "aws_s3_bucket.kopera-certificate",
            "data.aws_caller_identity.current",
            "data.aws_partition.current"
          ],
          "create_before_destroy": true
        }
      ]
    },
    {
      "mode": "managed",
      "type": "aws_api_gateway_integration_response",
      "name": "auth_login_options",
      "provider": "provider[\"registry.terraform.io/hashicorp/aws\"]",
      "instances": [
        {
          "schema_version": 0,
          "attributes": {
            "content_handling": "",
            "http_method": "OPTIONS",
            "id": "agir-8ajfrnzdag-2ud0od-OPTIONS-200",
            "resource_id": "2ud0od",
            "response_parameters": {
              "method.response.header.Access-Control-Allow-Headers": "'Content-Type,X-Amz-Date,Authorization,X-Api-Key,X-Amz-Security-Token,X-Amz-Content-Sha256'",
              "method.response.header.Access-Control-Allow-Methods": "'POST,OPTIONS'",
              "method.response.header.Access-Control-Allow-Origin": "'*'"
            },
            "response_templates": null,
            "rest_api_id": "8ajfrnzdag",
            "selection_pattern": "",
            "status_code": "200"
          },
          "sensitive_attributes": [],
          "identity_schema_version": 0,
          "private": "bnVsbA==",
          "dependencies": [
            "aws_api_gateway_integration.auth_login_options",
            "aws_api_gateway_method.auth_login_options",
            "aws_api_gateway_method_response.auth_login_options_200",
            "aws_api_gateway_resource.auth",
            "aws_api_gateway_resource.auth_login",
            "aws_api_gateway_rest_api.main"
          ]
        }
      ]
    },
    {
      "mode": "managed",
      "type": "aws_api_gateway_integration_response",
      "name": "members_edit_options",
      "provider": "provider[\"registry.terraform.io/hashicorp/aws\"]",
      "instances": [
        {
          "schema_version": 0,
          "attributes": {
            "content_handling": "",
            "http_method": "OPTIONS",
            "id": "agir-8ajfrnzdag-pihxch-OPTIONS-200",
            "resource_id": "pihxch",
            "response_parameters": {
              "method.response.header.Access-Control-Allow-Headers": "'Content-Type,X-Amz-Date,Authorization,X-Api-Key,X-Amz-Security-Token,X-Amz-Content-Sha256'",
              "method.response.header.Access-Control-Allow-Methods": "'POST,OPTIONS'",
              "method.response.header.Access-Control-Allow-Origin": "'*'"
            },
            "response_templates": {},
            "rest_api_id": "8ajfrnzdag",
            "selection_pattern": "",
            "status_code": "200"
          },
          "sensitive_attributes": [],
          "identity_schema_version": 0,
          "private": "bnVsbA==",
          "dependencies": [
            "aws_api_gateway_integration.members_edit_options",
            "aws_api_gateway_method.members_edit_options",
            "aws_api_gateway_method_response.members_edit_options_200",
            "aws_api_gateway_resource.members",
            "aws_api_gateway_resource.members_edit",
            "aws_api_gateway_rest_api.main"
          ],
          "create_before_destroy": true
        }
      ]
    },
    {
      "mode": "managed",
      "type": "aws_api_gateway_integration_response",
      "name": "members_list_options",
      "provider": "provider[\"registry.terraform.io/hashicorp/aws\"]",
      "instances": [
        {
          "schema_version": 0,
          "attributes": {
            "content_handling": "",
            "http_method": "OPTIONS",
            "id": "agir-8ajfrnzdag-myhoek-OPTIONS-200",
            "resource_id": "myhoek",
            "response_parameters": {
              "method.response.header.Access-Control-Allow-Headers": "'Content-Type,X-Amz-Date,Authorization,X-Api-Key,X-Amz-Security-Token,X-Amz-Content-Sha256'",
              "method.response.header.Access-Control-Allow-Methods": "'GET,OPTIONS'",
              "method.response.header.Access-Control-Allow-Origin": "'*'"
            },
            "response_templates": {},
            "rest_api_id": "8ajfrnzdag",
            "selection_pattern": "",
            "status_code": "200"
          },
          "sensitive_attributes": [],
          "identity_schema_version": 0,
          "private": "bnVsbA==",
          "dependencies": [
            "aws_api_gateway_integration.members_list_options",
            "aws_api_gateway_method.members_list_options",
            "aws_api_gateway_method_response.members_list_options_200",
            "aws_api_gateway_resource.members",
            "aws_api_gateway_resource.members_list",
            "aws_api_gateway_rest_api.main"
          ],
          "create_before_destroy": true
        }
      ]
    },
    {
      "mode": "managed",
      "type": "aws_api_gateway_integration_response",
      "name": "members_update_options",
      "provider": "provider[\"registry.terraform.io/hashicorp/aws\"]",
      "instances": [
        {
          "schema_version": 0,
          "attributes": {
            "content_handling": "",
            "http_method": "OPTIONS",
            "id": "agir-8ajfrnzdag-3ql004-OPTIONS-200",
            "resource_id": "3ql004",
            "response_parameters": {
              "method.response.header.Access-Control-Allow-Headers": "'Content-Type,X-Amz-Date,Authorization,X-Api-Key,X-Amz-Security-Token,X-Amz-Content-Sha256'",
              "method.response.header.Access-Control-Allow-Methods": "'POST,OPTIONS'",
              "method.response.header.Access-Control-Allow-Origin": "'*'"
            },
            "response_templates": {},
            "rest_api_id": "8ajfrnzdag",
            "selection_pattern": "",
            "status_code": "200"
          },
          "sensitive_attributes": [],
          "identity_schema_version": 0,
          "private": "bnVsbA==",
          "dependencies": [
            "aws_api_gateway_integration.members_update_options",
            "aws_api_gateway_method.members_update_options",
            "aws_api_gateway_method_response.members_update_options_200",
            "aws_api_gateway_resource.members",
            "aws_api_gateway_resource.members_update",
            "aws_api_gateway_rest_api.main"
          ],
          "create_before_destroy": true
        }
      ]
    },
    {
      "mode": "managed",
      "type": "aws_api_gateway_method",
      "name": "auth_login_options",
      "provider": "provider[\"registry.terraform.io/hashicorp/aws\"]",
      "instances": [
        {
          "schema_version": 0,
          "attributes": {
            "api_key_required": false,
            "authorization": "NONE",
            "authorization_scopes": null,
            "authorizer_id": null,
            "http_method": "OPTIONS",
            "id": "agm-8ajfrnzdag-2ud0od-OPTIONS",
            "operation_name": null,
            "request_models": null,
            "request_parameters": null,
            "request_validator_id": null,
            "resource_id": "2ud0od",
            "rest_api_id": "8ajfrnzdag"
          },
          "sensitive_attributes": [],
          "identity_schema_version": 0,
          "private": "bnVsbA==",
          "dependencies": [
            "aws_api_gateway_resource.auth",
            "aws_api_gateway_resource.auth_login",
            "aws_api_gateway_rest_api.main"
          ]
        }
      ]
    },
    {
      "mode": "managed",
      "type": "aws_api_gateway_method",
      "name": "auth_login_post",
      "provider": "provider[\"registry.terraform.io/hashicorp/aws\"]",
      "instances": [
        {
          "schema_version": 0,
          "attributes": {
            "api_key_required": false,
            "authorization": "NONE",
            "authorization_scopes": null,
            "authorizer_id": null,
            "http_method": "POST",
            "id": "agm-8ajfrnzdag-2ud0od-POST",
            "operation_name": null,
            "request_models": null,
            "request_parameters": null,
            "request_validator_id": null,
            "resource_id": "2ud0od",
            "rest_api_id": "8ajfrnzdag"
          },
          "sensitive_attributes": [],
          "identity_schema_version": 0,
          "private": "bnVsbA==",
          "dependencies": [
            "aws_api_gateway_resource.auth",
            "aws_api_gateway_resource.auth_login",
            "aws_api_gateway_rest_api.main"
          ]
        }
      ]
    },
    {
      "mode": "managed",
      "type": "aws_api_gateway_method",
      "name": "certificate_item_get",
      "provider": "provider[\"registry.terraform.io/hashicorp/aws\"]",
      "instances": [
        {
          "schema_version": 0,
          "attributes": {
            "api_key_required": false,
            "authorization": "AWS_IAM",
            "authorization_scopes": [],
            "authorizer_id": "",
            "http_method": "GET",
            "id": "agm-8ajfrnzdag-n7563b-GET",
            "operation_name": "",
            "request_models": {},
            "request_parameters": {},
            "request_validator_id": "",
            "resource_id": "n7563b",
            "rest_api_id": "8ajfrnzdag"
          },
          "sensitive_attributes": [],
          "identity_schema_version": 0,
          "private": "bnVsbA==",
          "dependencies": [
            "aws_api_gateway_resource.certificate_item",
            "aws_api_gateway_resource.certificates",
            "aws_api_gateway_rest_api.main"
          ],
          "create_before_destroy": true
        }
      ]
    },
    {
      "mode": "managed",
      "type": "aws_api_gateway_method",
      "name": "certificates_post",
      "provider": "provider[\"registry.terraform.io/hashicorp/aws\"]",
      "instances": [
        {
          "schema_version": 0,
          "attributes": {
            "api_key_required": false,
            "authorization": "AWS_IAM",
            "authorization_scopes": [],
            "authorizer_id": "",
            "http_method": "POST",
            "id": "agm-8ajfrnzdag-hqxsl5-POST",
            "operation_name": "",
            "request_models": {},
            "request_parameters": {},
            "request_validator_id": "",
            "resource_id": "hqxsl5",
            "rest_api_id": "8ajfrnzdag"
          },
          "sensitive_attributes": [],
          "identity_schema_version": 0,
          "private": "bnVsbA==",
          "dependencies": [
            "aws_api_gateway_resource.certificates",
            "aws_api_gateway_rest_api.main"
          ],
          "create_before_destroy": true
        }
      ]
    },
    {
      "mode": "managed",
      "type": "aws_api_gateway_method",
      "name": "companies_get",
      "provider": "provider[\"registry.terraform.io/hashicorp/aws\"]",
      "instances": [
        {
          "schema_version": 0,
          "attributes": {
            "api_key_required": false,
            "authorization": "AWS_IAM",
            "authorization_scopes": [],
            "authorizer_id": "",
            "http_method": "GET",
            "id": "agm-8ajfrnzdag-q1xzzg-GET",
            "operation_name": "",
            "request_models": {},
            "request_parameters": {},
            "request_validator_id": "",
            "resource_id": "q1xzzg",
            "rest_api_id": "8ajfrnzdag"
          },
          "sensitive_attributes": [],
          "identity_schema_version": 0,
          "private": "bnVsbA==",
          "dependencies": [
            "aws_api_gateway_resource.companies",
            "aws_api_gateway_rest_api.main"
          ],
          "create_before_destroy": true
        }
      ]
    },
    {
      "mode": "managed",
      "type": "aws_api_gateway_method",
      "name": "companies_post",
      "provider": "provider[\"registry.terraform.io/hashicorp/aws\"]",
      "instances": [
        {
          "schema_version": 0,
          "attributes": {
            "api_key_required": false,
            "authorization": "AWS_IAM",
            "authorization_scopes": [],
            "authorizer_id": "",
            "http_method": "POST",
            "id": "agm-8ajfrnzdag-q1xzzg-POST",
            "operation_name": "",
            "request_models": {},
            "request_parameters": {},
            "request_validator_id": "",
            "resource_id": "q1xzzg",
            "rest_api_id": "8ajfrnzdag"
          },
          "sensitive_attributes": [],
          "identity_schema_version": 0,
          "private": "bnVsbA==",
          "dependencies": [
            "aws_api_gateway_resource.companies",
            "aws_api_gateway_rest_api.main"
          ],
          "create_before_destroy": true
        }
      ]
    },
    {
      "mode": "managed",
      "type": "aws_api_gateway_method",
      "name": "members_edit_options",
      "provider": "provider[\"registry.terraform.io/hashicorp/aws\"]",
      "instances": [
        {
          "schema_version": 0,
          "attributes": {
            "api_key_required": false,
            "authorization": "NONE",
            "authorization_scopes": [],
            "authorizer_id": "",
            "http_method": "OPTIONS",
            "id": "agm-8ajfrnzdag-pihxch-OPTIONS",
            "operation_name": "",
            "request_models": {},
            "request_parameters": {},
            "request_validator_id": "",
            "resource_id": "pihxch",
            "rest_api_id": "8ajfrnzdag"
          },
          "sensitive_attributes": [],
          "identity_schema_version": 0,
          "private": "bnVsbA==",
          "dependencies": [
            "aws_api_gateway_resource.members",
            "aws_api_gateway_resource.members_edit",
            "aws_api_gateway_rest_api.main"
          ],
          "create_before_destroy": true
        }
      ]
    },
    {
      "mode": "managed",
      "type": "aws_api_gateway_method",
      "name": "members_edit_post",
      "provider": "provider[\"registry.terraform.io/hashicorp/aws\"]",
      "instances": [
        {
          "schema_version": 0,
          "attributes": {
            "api_key_required": false,
            "authorization": "AWS_IAM",
            "authorization_scopes": [],
            "authorizer_id": "",
            "http_method": "POST",
            "id": "agm-8ajfrnzdag-pihxch-POST",
            "operation_name": "",
            "request_models": {},
            "request_parameters": {},
            "request_validator_id": "",
            "resource_id": "pihxch",
            "rest_api_id": "8ajfrnzdag"
          },
          "sensitive_attributes": [],
          "identity_schema_version": 0,
          "private": "bnVsbA==",
          "dependencies": [
            "aws_api_gateway_resource.members",
            "aws_api_gateway_resource.members_edit",
            "aws_api_gateway_rest_api.main"
          ],
          "create_before_destroy": true
        }
      ]
    },
    {
      "mode": "managed",
      "type": "aws_api_gateway_method",
      "name": "members_get",
      "provider": "provider[\"registry.terraform.io/hashicorp/aws\"]",
      "instances": [
        {
          "schema_version": 0,
          "attributes": {
            "api_key_required": false,
            "authorization": "AWS_IAM",
            "authorization_scopes": [],
            "authorizer_id": "",
            "http_method": "GET",
            "id": "agm-8ajfrnzdag-catw9k-GET",
            "operation_name": "",
            "request_models": {},
            "request_parameters": {},
            "request_validator_id": "",
            "resource_id": "catw9k",
            "rest_api_id": "8ajfrnzdag"
          },
          "sensitive_attributes": [],
          "identity_schema_version": 0,
          "private": "bnVsbA==",
          "dependencies": [
            "aws_api_gateway_resource.members",
            "aws_api_gateway_rest_api.main"
          ],
          "create_before_destroy": true
        }
      ]
    },
    {
      "mode": "managed",
      "type": "aws_api_gateway_method",
      "name": "members_list_get",
      "provider": "provider[\"registry.terraform.io/hashicorp/aws\"]",
      "instances": [
        {
          "schema_version": 0,
          "attributes": {
            "api_key_required": false,
            "authorization": "AWS_IAM",
            "authorization_scopes": [],
            "authorizer_id": "",
            "http_method": "GET",
            "id": "agm-8ajfrnzdag-myhoek-GET",
            "operation_name": "",
            "request_models": {},
            "request_parameters": {},
            "request_validator_id": "",
            "resource_id": "myhoek",
            "rest_api_id": "8ajfrnzdag"
          },
          "sensitive_attributes": [],
          "identity_schema_version": 0,
          "private": "bnVsbA==",
          "dependencies": [
            "aws_api_gateway_resource.members",
            "aws_api_gateway_resource.members_list",
            "aws_api_gateway_rest_api.main"
          ],
          "create_before_destroy": true
        }
      ]
    },
    {
      "mode": "managed",
      "type": "aws_api_gateway_method",
      "name": "members_list_options",
      "provider": "provider[\"registry.terraform.io/hashicorp/aws\"]",
      "instances": [
        {
          "schema_version": 0,
          "attributes": {
            "api_key_required": false,
            "authorization": "NONE",
            "authorization_scopes": [],
            "authorizer_id": "",
            "http_method": "OPTIONS",
            "id": "agm-8ajfrnzdag-myhoek-OPTIONS",
            "operation_name": "",
            "request_models": {},
            "request_parameters": {},
            "request_validator_id": "",
            "resource_id": "myhoek",
            "rest_api_id": "8ajfrnzdag"
          },
          "sensitive_attributes": [],
          "identity_schema_version": 0,
          "private": "bnVsbA==",
          "dependencies": [
            "aws_api_gateway_resource.members",
            "aws_api_gateway_resource.members_list",
            "aws_api_gateway_rest_api.main"
          ],
          "create_before_destroy": true
        }
      ]
    },
    {
      "mode": "managed",
      "type": "aws_api_gateway_method",
      "name": "members_post",
      "provider": "provider[\"registry.terraform.io/hashicorp/aws\"]",
      "instances": [
        {
          "schema_version": 0,
          "attributes": {
            "api_key_required": false,
            "authorization": "AWS_IAM",
            "authorization_scopes": [],
            "authorizer_id": "",
            "http_method": "POST",
            "id": "agm-8ajfrnzdag-catw9k-POST",
            "operation_name": "",
            "request_models": {},
            "request_parameters": {},
            "request_validator_id": "",
            "resource_id": "catw9k",
            "rest_api_id": "8ajfrnzdag"
          },
          "sensitive_attributes": [],
          "identity_schema_version": 0,
          "private": "bnVsbA==",
          "dependencies": [
            "aws_api_gateway_resource.members",
            "aws_api_gateway_rest_api.main"
          ],
          "create_before_destroy": true
        }
      ]
    },
    {
      "mode": "managed",
      "type": "aws_api_gateway_method",
      "name": "members_update_options",
      "provider": "provider[\"registry.terraform.io/hashicorp/aws\"]",
      "instances": [
        {
          "schema_version": 0,
          "attributes": {
            "api_key_required": false,
            "authorization": "NONE",
            "authorization_scopes": [],
            "authorizer_id": "",
            "http_method": "OPTIONS",
            "id": "agm-8ajfrnzdag-3ql004-OPTIONS",
            "operation_name": "",
            "request_models": {},
            "request_parameters": {},
            "request_validator_id": "",
            "resource_id": "3ql004",
            "rest_api_id": "8ajfrnzdag"
          },
          "sensitive_attributes": [],
          "identity_schema_version": 0,
          "private": "bnVsbA==",
          "dependencies": [
            "aws_api_gateway_resource.members",
            "aws_api_gateway_resource.members_update",
            "aws_api_gateway_rest_api.main"
          ],
          "create_before_destroy": true
        }
      ]
    },
    {
      "mode": "managed",
      "type": "aws_api_gateway_method",
      "name": "members_update_post",
      "provider": "provider[\"registry.terraform.io/hashicorp/aws\"]",
      "instances": [
        {
          "schema_version": 0,
          "attributes": {
            "api_key_required": false,
            "authorization": "AWS_IAM",
            "authorization_scopes": [],
            "authorizer_id": "",
            "http_method": "POST",
            "id": "agm-8ajfrnzdag-3ql004-POST",
            "operation_name": "",
            "request_models": {},
            "request_parameters": {},
            "request_validator_id": "",
            "resource_id": "3ql004",
            "rest_api_id": "8ajfrnzdag"
          },
          "sensitive_attributes": [],
          "identity_schema_version": 0,
          "private": "bnVsbA==",
          "dependencies": [
            "aws_api_gateway_resource.members",
            "aws_api_gateway_resource.members_update",
            "aws_api_gateway_rest_api.main"
          ],
          "create_before_destroy": true
        }
      ]
    },
    {
      "mode": "managed",
      "type": "aws_api_gateway_method",
      "name": "retrieve_get",
      "provider": "provider[\"registry.terraform.io/hashicorp/aws\"]",
      "instances": [
        {
          "schema_version": 0,
          "attributes": {
            "api_key_required": false,
            "authorization": "NONE",
            "authorization_scopes": [],
            "authorizer_id": "",
            "http_method": "GET",
            "id": "agm-8ajfrnzdag-c5nbol-GET",
            "operation_name": "",
            "request_models": {},
            "request_parameters": {
              "method.request.querystring.phone": true
            },
            "request_validator_id": "",
            "resource_id": "c5nbol",
            "rest_api_id": "8ajfrnzdag"
          },
          "sensitive_attributes": [],
          "identity_schema_version": 0,
          "private": "bnVsbA==",
          "dependencies": [
            "aws_api_gateway_resource.retrieve",
            "aws_api_gateway_rest_api.main"
          ],
          "create_before_destroy": true
        }
      ]
    },
    {
      "mode": "managed",
      "type": "aws_api_gateway_method_response",
      "name": "auth_login_options_200",
      "provider": "provider[\"registry.terraform.io/hashicorp/aws\"]",
      "instances": [
        {
          "schema_version": 0,
          "attributes": {
            "http_method": "OPTIONS",
            "id": "agmr-8ajfrnzdag-2ud0od-OPTIONS-200",
            "resource_id": "2ud0od",
            "response_models": null,
            "response_parameters": {
              "method.response.header.Access-Control-Allow-Headers": true,
              "method.response.header.Access-Control-Allow-Methods": true,
              "method.response.header.Access-Control-Allow-Origin": true
            },
            "rest_api_id": "8ajfrnzdag",
            "status_code": "200"
          },
          "sensitive_attributes": [],
          "identity_schema_version": 0,
          "private": "bnVsbA==",
          "dependencies": [
            "aws_api_gateway_method.auth_login_options",
            "aws_api_gateway_resource.auth",
            "aws_api_gateway_resource.auth_login",
            "aws_api_gateway_rest_api.main"
          ]
        }
      ]
    },
    {
      "mode": "managed",
      "type": "aws_api_gateway_method_response",
      "name": "members_edit_options_200",
      "provider": "provider[\"registry.terraform.io/hashicorp/aws\"]",
      "instances": [
        {
          "schema_version": 0,
          "attributes": {
            "http_method": "OPTIONS",
            "id": "agmr-8ajfrnzdag-pihxch-OPTIONS-200",
            "resource_id": "pihxch",
            "response_models": {},
            "response_parameters": {
              "method.response.header.Access-Control-Allow-Headers": true,
              "method.response.header.Access-Control-Allow-Methods": true,
              "method.response.header.Access-Control-Allow-Origin": true
            },
            "rest_api_id": "8ajfrnzdag",
            "status_code": "200"
          },
          "sensitive_attributes": [],
          "identity_schema_version": 0,
          "private": "bnVsbA==",
          "dependencies": [
            "aws_api_gateway_method.members_edit_options",
            "aws_api_gateway_resource.members",
            "aws_api_gateway_resource.members_edit",
            "aws_api_gateway_rest_api.main"
          ],
          "create_before_destroy": true
        }
      ]
    },
    {
      "mode": "managed",
      "type": "aws_api_gateway_method_response",
      "name": "members_list_options_200",
      "provider": "provider[\"registry.terraform.io/hashicorp/aws\"]",
      "instances": [
        {
          "schema_version": 0,
          "attributes": {
            "http_method": "OPTIONS",
            "id": "agmr-8ajfrnzdag-myhoek-OPTIONS-200",
            "resource_id": "myhoek",
            "response_models": {},
            "response_parameters": {
              "method.response.header.Access-Control-Allow-Headers": true,
              "method.response.header.Access-Control-Allow-Methods": true,
              "method.response.header.Access-Control-Allow-Origin": true
            },
            "rest_api_id": "8ajfrnzdag",
            "status_code": "200"
          },
          "sensitive_attributes": [],
          "identity_schema_version": 0,
          "private": "bnVsbA==",
          "dependencies": [
            "aws_api_gateway_method.members_list_options",
            "aws_api_gateway_resource.members",
            "aws_api_gateway_resource.members_list",
            "aws_api_gateway_rest_api.main"
          ],
          "create_before_destroy": true
        }
      ]
    },
    {
      "mode": "managed",
      "type": "aws_api_gateway_method_response",
      "name": "members_update_options_200",
      "provider": "provider[\"registry.terraform.io/hashicorp/aws\"]",
      "instances": [
        {
          "schema_version": 0,
          "attributes": {
            "http_method": "OPTIONS",
            "id": "agmr-8ajfrnzdag-3ql004-OPTIONS-200",
            "resource_id": "3ql004",
            "response_models": {},
            "response_parameters": {
              "method.response.header.Access-Control-Allow-Headers": true,
              "method.response.header.Access-Control-Allow-Methods": true,
              "method.response.header.Access-Control-Allow-Origin": true
            },
            "rest_api_id": "8ajfrnzdag",
            "status_code": "200"
          },
          "sensitive_attributes": [],
          "identity_schema_version": 0,
          "private": "bnVsbA==",
          "dependencies": [
            "aws_api_gateway_method.members_update_options",
            "aws_api_gateway_resource.members",
            "aws_api_gateway_resource.members_update",
            "aws_api_gateway_rest_api.main"
          ],
          "create_before_destroy": true
        }
      ]
    },
    {
      "mode": "managed",
      "type": "aws_api_gateway_method_response",
      "name": "retrieve_get_200",
      "provider": "provider[\"registry.terraform.io/hashicorp/aws\"]",
      "instances": [
        {
          "schema_version": 0,
          "attributes": {
            "http_method": "GET",
            "id": "agmr-8ajfrnzdag-c5nbol-GET-200",
            "resource_id": "c5nbol",
            "response_models": {
              "application/json": "Empty"
            },
            "response_parameters": {},
            "rest_api_id": "8ajfrnzdag",
            "status_code": "200"
          },
          "sensitive_attributes": [],
          "identity_schema_version": 0,
          "private": "bnVsbA==",
          "dependencies": [
            "aws_api_gateway_method.retrieve_get",
            "aws_api_gateway_resource.retrieve",
            "aws_api_gateway_rest_api.main"
          ],
          "create_before_destroy": true
        }
      ]
    },
    {
      "mode": "managed",
      "type": "aws_api_gateway_method_settings",
      "name": "main",
      "provider": "provider[\"registry.terraform.io/hashicorp/aws\"]",
      "instances": [
        {
          "schema_version": 0,
          "attributes": {
            "id": "8ajfrnzdag-prod-*/*",
            "method_path": "*/*",
            "rest_api_id": "8ajfrnzdag",
            "settings": [
              {
                "cache_data_encrypted": false,
                "cache_ttl_in_seconds": 300,
                "caching_enabled": false,
                "data_trace_enabled": false,
                "logging_level": "",
                "metrics_enabled": true,
                "require_authorization_for_cache_control": true,
                "throttling_burst_limit": 100,
                "throttling_rate_limit": 50,
                "unauthorized_cache_control_header_strategy": "SUCCEED_WITH_RESPONSE_HEADER"
              }
            ],
            "stage_name": "prod"
          },
          "sensitive_attributes": [],
          "identity_schema_version": 0,
          "private": "bnVsbA==",
          "dependencies": [
            "aws_api_gateway_deployment.main",
            "aws_api_gateway_integration.certificate_item_get",
            "aws_api_gateway_integration.certificates_post",
            "aws_api_gateway_integration.companies_get",
            "aws_api_gateway_integration.companies_post",
            "aws_api_gateway_integration.members_edit_options",
            "aws_api_gateway_integration.members_edit_post",
            "aws_api_gateway_integration.members_get",
            "aws_api_gateway_integration.members_list_get",
            "aws_api_gateway_integration.members_list_options",
            "aws_api_gateway_integration.members_post",
            "aws_api_gateway_integration.members_update_options",
            "aws_api_gateway_integration.members_update_post",
            "aws_api_gateway_integration.retrieve_get",
            "aws_api_gateway_integration_response.members_edit_options",
            "aws_api_gateway_integration_response.members_list_options",
            "aws_api_gateway_integration_response.members_update_options",
            "aws_api_gateway_method.certificate_item_get",
            "aws_api_gateway_method.certificates_post",
            "aws_api_gateway_method.companies_get",
            "aws_api_gateway_method.companies_post",
            "aws_api_gateway_method.members_edit_options",
            "aws_api_gateway_method.members_edit_post",
            "aws_api_gateway_method.members_get",
            "aws_api_gateway_method.members_list_get",
            "aws_api_gateway_method.members_list_options",
            "aws_api_gateway_method.members_post",
            "aws_api_gateway_method.members_update_options",
            "aws_api_gateway_method.members_update_post",
            "aws_api_gateway_method.retrieve_get",
            "aws_api_gateway_method_response.members_edit_options_200",
            "aws_api_gateway_method_response.members_list_options_200",
            "aws_api_gateway_method_response.members_update_options_200",
            "aws_api_gateway_method_response.retrieve_get_200",
            "aws_api_gateway_resource.certificate_item",
            "aws_api_gateway_resource.certificates",
            "aws_api_gateway_resource.companies",
            "aws_api_gateway_resource.members",
            "aws_api_gateway_resource.members_edit",
            "aws_api_gateway_resource.members_list",
            "aws_api_gateway_resource.members_update",
            "aws_api_gateway_resource.retrieve",
            "aws_api_gateway_rest_api.main",
            "aws_api_gateway_stage.main",
            "aws_dynamodb_table.kopera-admin",
            "aws_dynamodb_table.kopera-company",
            "aws_dynamodb_table.kopera-member",
            "aws_iam_role.lambda_exec",
            "aws_iam_role.lambda_retrieval_exec",
            "aws_iam_role_policy.lambda_apigw",
            "aws_iam_role_policy.lambda_cloudwatch",
            "aws_iam_role_policy.lambda_dynamodb",
            "aws_iam_role_policy.lambda_s3",
            "aws_iam_role_policy.retrieval_apigw",
            "aws_iam_role_policy.retrieval_cloudwatch",
            "aws_iam_role_policy.retrieval_dynamodb_scan",
            "aws_iam_role_policy.retrieval_s3",
            "aws_lambda_function.certificate_handler",
            "aws_lambda_function.certificate_retrieval",
            "aws_s3_bucket.kopera-asset",
            "aws_s3_bucket.kopera-certificate",
            "data.aws_caller_identity.current",
            "data.aws_iam_policy_document.lambda_assume_role",
            "data.aws_partition.current"
          ]
        }
      ]
    },
    {
      "mode": "managed",
      "type": "aws_api_gateway_resource",
      "name": "auth",
      "provider": "provider[\"registry.terraform.io/hashicorp/aws\"]",
      "instances": [
        {
          "schema_version": 0,
          "attributes": {
            "id": "9r99xd",
            "parent_id": "fcrqekwl94",
            "path": "/auth",
            "path_part": "auth",
            "rest_api_id": "8ajfrnzdag"
          },
          "sensitive_attributes": [],
          "identity_schema_version": 0,
          "private": "bnVsbA==",
          "dependencies": [
            "aws_api_gateway_rest_api.main"
          ]
        }
      ]
    },
    {
      "mode": "managed",
      "type": "aws_api_gateway_resource",
      "name": "auth_login",
      "provider": "provider[\"registry.terraform.io/hashicorp/aws\"]",
      "instances": [
        {
          "schema_version": 0,
          "attributes": {
            "id": "2ud0od",
            "parent_id": "9r99xd",
            "path": "/auth/login",
            "path_part": "login",
            "rest_api_id": "8ajfrnzdag"
          },
          "sensitive_attributes": [],
          "identity_schema_version": 0,
          "private": "bnVsbA==",
          "dependencies": [
            "aws_api_gateway_resource.auth",
            "aws_api_gateway_rest_api.main"
          ]
        }
      ]
    },
    {
      "mode": "managed",
      "type": "aws_api_gateway_resource",
      "name": "certificate_item",
      "provider": "provider[\"registry.terraform.io/hashicorp/aws\"]",
      "instances": [
        {
          "schema_version": 0,
          "attributes": {
            "id": "n7563b",
            "parent_id": "hqxsl5",
            "path": "/certificates/{certificateId}",
            "path_part": "{certificateId}",
            "rest_api_id": "8ajfrnzdag"
          },
          "sensitive_attributes": [],
          "identity_schema_version": 0,
          "private": "bnVsbA==",
          "dependencies": [
            "aws_api_gateway_resource.certificates",
            "aws_api_gateway_rest_api.main"
          ],
          "create_before_destroy": true
        }
      ]
    },
    {
      "mode": "managed",
      "type": "aws_api_gateway_resource",
      "name": "certificates",
      "provider": "provider[\"registry.terraform.io/hashicorp/aws\"]",
      "instances": [
        {
          "schema_version": 0,
          "attributes": {
            "id": "hqxsl5",
            "parent_id": "fcrqekwl94",
            "path": "/certificates",
            "path_part": "certificates",
            "rest_api_id": "8ajfrnzdag"
          },
          "sensitive_attributes": [],
          "identity_schema_version": 0,
          "private": "bnVsbA==",
          "dependencies": [
            "aws_api_gateway_rest_api.main"
          ],
          "create_before_destroy": true
        }
      ]
    },
    {
      "mode": "managed",
      "type": "aws_api_gateway_resource",
      "name": "companies",
      "provider": "provider[\"registry.terraform.io/hashicorp/aws\"]",
      "instances": [
        {
          "schema_version": 0,
          "attributes": {
            "id": "q1xzzg",
            "parent_id": "fcrqekwl94",
            "path": "/companies",
            "path_part": "companies",
            "rest_api_id": "8ajfrnzdag"
          },
          "sensitive_attributes": [],
          "identity_schema_version": 0,
          "private": "bnVsbA==",
          "dependencies": [
            "aws_api_gateway_rest_api.main"
          ],
          "create_before_destroy": true
        }
      ]
    },
    {
      "mode": "managed",
      "type": "aws_api_gateway_resource",
      "name": "members",
      "provider": "provider[\"registry.terraform.io/hashicorp/aws\"]",
      "instances": [
        {
          "schema_version": 0,
          "attributes": {
            "id": "catw9k",
            "parent_id": "fcrqekwl94",
            "path": "/members",
            "path_part": "members",
            "rest_api_id": "8ajfrnzdag"
          },
          "sensitive_attributes": [],
          "identity_schema_version": 0,
          "private": "bnVsbA==",
          "dependencies": [
            "aws_api_gateway_rest_api.main"
          ],
          "create_before_destroy": true
        }
      ]
    },
    {
      "mode": "managed",
      "type": "aws_api_gateway_resource",
      "name": "members_edit",
      "provider": "provider[\"registry.terraform.io/hashicorp/aws\"]",
      "instances": [
        {
          "schema_version": 0,
          "attributes": {
            "id": "pihxch",
            "parent_id": "catw9k",
            "path": "/members/edit",
            "path_part": "edit",
            "rest_api_id": "8ajfrnzdag"
          },
          "sensitive_attributes": [],
          "identity_schema_version": 0,
          "private": "bnVsbA==",
          "dependencies": [
            "aws_api_gateway_resource.members",
            "aws_api_gateway_rest_api.main"
          ],
          "create_before_destroy": true
        }
      ]
    },
    {
      "mode": "managed",
      "type": "aws_api_gateway_resource",
      "name": "members_list",
      "provider": "provider[\"registry.terraform.io/hashicorp/aws\"]",
      "instances": [
        {
          "schema_version": 0,
          "attributes": {
            "id": "myhoek",
            "parent_id": "catw9k",
            "path": "/members/list",
            "path_part": "list",
            "rest_api_id": "8ajfrnzdag"
          },
          "sensitive_attributes": [],
          "identity_schema_version": 0,
          "private": "bnVsbA==",
          "dependencies": [
            "aws_api_gateway_resource.members",
            "aws_api_gateway_rest_api.main"
          ],
          "create_before_destroy": true
        }
      ]
    },
    {
      "mode": "managed",
      "type": "aws_api_gateway_resource",
      "name": "members_update",
      "provider": "provider[\"registry.terraform.io/hashicorp/aws\"]",
      "instances": [
        {
          "schema_version": 0,
          "attributes": {
            "id": "3ql004",
            "parent_id": "catw9k",
            "path": "/members/update",
            "path_part": "update",
            "rest_api_id": "8ajfrnzdag"
          },
          "sensitive_attributes": [],
          "identity_schema_version": 0,
          "private": "bnVsbA==",
          "dependencies": [
            "aws_api_gateway_resource.members",
            "aws_api_gateway_rest_api.main"
          ],
          "create_before_destroy": true
        }
      ]
    },
    {
      "mode": "managed",
      "type": "aws_api_gateway_resource",
      "name": "retrieve",
      "provider": "provider[\"registry.terraform.io/hashicorp/aws\"]",
      "instances": [
        {
          "schema_version": 0,
          "attributes": {
            "id": "c5nbol",
            "parent_id": "fcrqekwl94",
            "path": "/retrieve",
            "path_part": "retrieve",
            "rest_api_id": "8ajfrnzdag"
          },
          "sensitive_attributes": [],
          "identity_schema_version": 0,
          "private": "bnVsbA==",
          "dependencies": [
            "aws_api_gateway_rest_api.main"
          ],
          "create_before_destroy": true
        }
      ]
    },
    {
      "mode": "managed",
      "type": "aws_api_gateway_rest_api",
      "name": "main",
      "provider": "provider[\"registry.terraform.io/hashicorp/aws\"]",
      "instances": [
        {
          "schema_version": 0,
          "attributes": {
            "api_key_source": "HEADER",
            "arn": "arn:aws:apigateway:us-east-1::/restapis/8ajfrnzdag",
            "binary_media_types": [],
            "body": null,
            "created_date": "2026-03-05T03:10:13Z",
            "description": "KAFA certificate platform API",
            "disable_execute_api_endpoint": false,
            "endpoint_configuration": [
              {
                "ip_address_type": "ipv4",
                "types": [
                  "REGIONAL"
                ],
                "vpc_endpoint_ids": []
              }
            ],
            "execution_arn": "arn:aws:execute-api:us-east-1:560232212166:8ajfrnzdag",
            "fail_on_warnings": null,
            "id": "8ajfrnzdag",
            "minimum_compression_size": "",
            "name": "certplatform-prod-api",
            "parameters": null,
            "policy": "",
            "put_rest_api_mode": null,
            "root_resource_id": "fcrqekwl94",
            "tags": {
              "Environment": "prod",
              "ManagedBy": "Terraform",
              "Project": "certplatform"
            },
            "tags_all": {
              "Environment": "prod",
              "ManagedBy": "Terraform",
              "Project": "certplatform"
            }
          },
          "sensitive_attributes": [],
          "identity_schema_version": 0,
          "private": "bnVsbA==",
          "create_before_destroy": true
        }
      ]
    },
    {
      "mode": "managed",
      "type": "aws_api_gateway_stage",
      "name": "main",
      "provider": "provider[\"registry.terraform.io/hashicorp/aws\"]",
      "instances": [
        {
          "schema_version": 0,
          "attributes": {
            "access_log_settings": [],
            "arn": "arn:aws:apigateway:us-east-1::/restapis/8ajfrnzdag/stages/prod",
            "cache_cluster_enabled": false,
            "cache_cluster_size": "",
            "canary_settings": [],
            "client_certificate_id": "",
            "deployment_id": "hmhz53",
            "description": "",
            "documentation_version": "",
            "execution_arn": "arn:aws:execute-api:us-east-1:560232212166:8ajfrnzdag/prod",
            "id": "ags-8ajfrnzdag-prod",
            "invoke_url": "https://8ajfrnzdag.execute-api.us-east-1.amazonaws.com/prod",
            "rest_api_id": "8ajfrnzdag",
            "stage_name": "prod",
            "tags": {
              "Environment": "prod",
              "ManagedBy": "Terraform",
              "Project": "certplatform"
            },
            "tags_all": {
              "Environment": "prod",
              "ManagedBy": "Terraform",
              "Project": "certplatform"
            },
            "variables": {},
            "web_acl_arn": "",
            "xray_tracing_enabled": false
          },
          "sensitive_attributes": [],
          "identity_schema_version": 0,
          "private": "bnVsbA==",
          "dependencies": [
            "aws_api_gateway_deployment.main",
            "aws_api_gateway_integration.certificate_item_get",
            "aws_api_gateway_integration.certificates_post",
            "aws_api_gateway_integration.companies_get",
            "aws_api_gateway_integration.companies_post",
            "aws_api_gateway_integration.members_edit_options",
            "aws_api_gateway_integration.members_edit_post",
            "aws_api_gateway_integration.members_get",
            "aws_api_gateway_integration.members_list_get",
            "aws_api_gateway_integration.members_list_options",
            "aws_api_gateway_integration.members_post",
            "aws_api_gateway_integration.members_update_options",
            "aws_api_gateway_integration.members_update_post",
            "aws_api_gateway_integration.retrieve_get",
            "aws_api_gateway_integration_response.members_edit_options",
            "aws_api_gateway_integration_response.members_list_options",
            "aws_api_gateway_integration_response.members_update_options",
            "aws_api_gateway_method.certificate_item_get",
            "aws_api_gateway_method.certificates_post",
            "aws_api_gateway_method.companies_get",
            "aws_api_gateway_method.companies_post",
            "aws_api_gateway_method.members_edit_options",
            "aws_api_gateway_method.members_edit_post",
            "aws_api_gateway_method.members_get",
            "aws_api_gateway_method.members_list_get",
            "aws_api_gateway_method.members_list_options",
            "aws_api_gateway_method.members_post",
            "aws_api_gateway_method.members_update_options",
            "aws_api_gateway_method.members_update_post",
            "aws_api_gateway_method.retrieve_get",
            "aws_api_gateway_method_response.members_edit_options_200",
            "aws_api_gateway_method_response.members_list_options_200",
            "aws_api_gateway_method_response.members_update_options_200",
            "aws_api_gateway_method_response.retrieve_get_200",
            "aws_api_gateway_resource.certificate_item",
            "aws_api_gateway_resource.certificates",
            "aws_api_gateway_resource.companies",
            "aws_api_gateway_resource.members",
            "aws_api_gateway_resource.members_edit",
            "aws_api_gateway_resource.members_list",
            "aws_api_gateway_resource.members_update",
            "aws_api_gateway_resource.retrieve",
            "aws_api_gateway_rest_api.main",
            "aws_dynamodb_table.kopera-admin",
            "aws_dynamodb_table.kopera-company",
            "aws_dynamodb_table.kopera-member",
            "aws_iam_role.lambda_exec",
            "aws_iam_role.lambda_retrieval_exec",
            "aws_iam_role_policy.lambda_apigw",
            "aws_iam_role_policy.lambda_cloudwatch",
            "aws_iam_role_policy.lambda_dynamodb",
            "aws_iam_role_policy.lambda_s3",
            "aws_iam_role_policy.retrieval_apigw",
            "aws_iam_role_policy.retrieval_cloudwatch",
            "aws_iam_role_policy.retrieval_dynamodb_scan",
            "aws_iam_role_policy.retrieval_s3",
            "aws_lambda_function.certificate_handler",
            "aws_lambda_function.certificate_retrieval",
            "aws_s3_bucket.kopera-asset",
            "aws_s3_bucket.kopera-certificate",
            "data.aws_caller_identity.current",
            "data.aws_iam_policy_document.lambda_assume_role",
            "data.aws_partition.current"
          ]
        }
      ]
    },
    {
      "mode": "managed",
      "type": "aws_dynamodb_table",
      "name": "kopera-admin",
      "provider": "provider[\"registry.terraform.io/hashicorp/aws\"]",
      "instances": [
        {
          "schema_version": 1,
          "attributes": {
            "arn": "arn:aws:dynamodb:us-east-1:560232212166:table/kopera-admin",
            "attribute": [
              {
                "name": "username",
                "type": "S"
              }
            ],
            "billing_mode": "PAY_PER_REQUEST",
            "deletion_protection_enabled": false,
            "global_secondary_index": [],
            "hash_key": "username",
            "id": "kopera-admin",
            "import_table": [],
            "local_secondary_index": [],
            "name": "kopera-admin",
            "on_demand_throughput": [],
            "point_in_time_recovery": [
              {
                "enabled": false,
                "recovery_period_in_days": 0
              }
            ],
            "range_key": null,
            "read_capacity": 0,
            "replica": [],
            "restore_date_time": null,
            "restore_source_name": null,
            "restore_source_table_arn": null,
            "restore_to_latest_time": null,
            "server_side_encryption": [],
            "stream_arn": "",
            "stream_enabled": false,
            "stream_label": "",
            "stream_view_type": "",
            "table_class": "STANDARD",
            "tags": {
              "Environment": "prod",
              "ManagedBy": "Terraform",
              "Project": "certplatform"
            },
            "tags_all": {
              "Environment": "prod",
              "ManagedBy": "Terraform",
              "Project": "certplatform"
            },
            "timeouts": null,
            "ttl": [
              {
                "attribute_name": "",
                "enabled": false
              }
            ],
            "write_capacity": 0
          },
          "sensitive_attributes": [],
          "identity_schema_version": 0,
          "private": "eyJlMmJmYjczMC1lY2FhLTExZTYtOGY4OC0zNDM2M2JjN2M0YzAiOnsiY3JlYXRlIjoxODAwMDAwMDAwMDAwLCJkZWxldGUiOjYwMDAwMDAwMDAwMCwidXBkYXRlIjozNjAwMDAwMDAwMDAwfSwic2NoZW1hX3ZlcnNpb24iOiIxIn0=",
          "create_before_destroy": true
        }
      ]
    },
    {
      "mode": "managed",
      "type": "aws_dynamodb_table",
      "name": "kopera-company",
      "provider": "provider[\"registry.terraform.io/hashicorp/aws\"]",
      "instances": [
        {
          "schema_version": 1,
          "attributes": {
            "arn": "arn:aws:dynamodb:us-east-1:560232212166:table/kopera-company",
            "attribute": [
              {
                "name": "companyId",
                "type": "S"
              }
            ],
            "billing_mode": "PAY_PER_REQUEST",
            "deletion_protection_enabled": false,
            "global_secondary_index": [],
            "hash_key": "companyId",
            "id": "kopera-company",
            "import_table": [],
            "local_secondary_index": [],
            "name": "kopera-company",
            "on_demand_throughput": [],
            "point_in_time_recovery": [
              {
                "enabled": true,
                "recovery_period_in_days": 35
              }
            ],
            "range_key": null,
            "read_capacity": 0,
            "replica": [],
            "restore_date_time": null,
            "restore_source_name": null,
            "restore_source_table_arn": null,
            "restore_to_latest_time": null,
            "server_side_encryption": [
              {
                "enabled": true,
                "kms_key_arn": ""
              }
            ],
            "stream_arn": "",
            "stream_enabled": false,
            "stream_label": "",
            "stream_view_type": "",
            "table_class": "STANDARD",
            "tags": {
              "Environment": "prod",
              "ManagedBy": "Terraform",
              "Name": "kopera-company",
              "Project": "certplatform"
            },
            "tags_all": {
              "Environment": "prod",
              "ManagedBy": "Terraform",
              "Name": "kopera-company",
              "Project": "certplatform"
            },
            "timeouts": null,
            "ttl": [
              {
                "attribute_name": "",
                "enabled": false
              }
            ],
            "write_capacity": 0
          },
          "sensitive_attributes": [],
          "identity_schema_version": 0,
          "private": "eyJlMmJmYjczMC1lY2FhLTExZTYtOGY4OC0zNDM2M2JjN2M0YzAiOnsiY3JlYXRlIjoxODAwMDAwMDAwMDAwLCJkZWxldGUiOjYwMDAwMDAwMDAwMCwidXBkYXRlIjozNjAwMDAwMDAwMDAwfSwic2NoZW1hX3ZlcnNpb24iOiIxIn0=",
          "create_before_destroy": true
        }
      ]
    },
    {
      "mode": "managed",
      "type": "aws_dynamodb_table",
      "name": "kopera-member",
      "provider": "provider[\"registry.terraform.io/hashicorp/aws\"]",
      "instances": [
        {
          "schema_version": 1,
          "attributes": {
            "arn": "arn:aws:dynamodb:us-east-1:560232212166:table/kopera-member",
            "attribute": [
              {
                "name": "companyId",
                "type": "S"
              },
              {
                "name": "issued_date",
                "type": "S"
              },
              {
                "name": "memberId",
                "type": "S"
              }
            ],
            "billing_mode": "PAY_PER_REQUEST",
            "deletion_protection_enabled": false,
            "global_secondary_index": [
              {
                "hash_key": "companyId",
                "name": "CompanyMembersIndex",
                "non_key_attributes": [],
                "on_demand_throughput": [],
                "projection_type": "ALL",
                "range_key": "",
                "read_capacity": 0,
                "write_capacity": 0
              },
              {
                "hash_key": "memberId",
                "name": "CertificateIssuedDateIndex",
                "non_key_attributes": [],
                "on_demand_throughput": [],
                "projection_type": "ALL",
                "range_key": "issued_date",
                "read_capacity": 0,
                "write_capacity": 0
              }
            ],
            "hash_key": "memberId",
            "id": "kopera-member",
            "import_table": [],
            "local_secondary_index": [],
            "name": "kopera-member",
            "on_demand_throughput": [],
            "point_in_time_recovery": [
              {
                "enabled": true,
                "recovery_period_in_days": 35
              }
            ],
            "range_key": "companyId",
            "read_capacity": 0,
            "replica": [],
            "restore_date_time": null,
            "restore_source_name": null,
            "restore_source_table_arn": null,
            "restore_to_latest_time": null,
            "server_side_encryption": [
              {
                "enabled": true,
                "kms_key_arn": ""
              }
            ],
            "stream_arn": "",
            "stream_enabled": false,
            "stream_label": "",
            "stream_view_type": "",
            "table_class": "STANDARD",
            "tags": {
              "Environment": "prod",
              "ManagedBy": "Terraform",
              "Name": "kopera-member",
              "Project": "certplatform"
            },
            "tags_all": {
              "Environment": "prod",
              "ManagedBy": "Terraform",
              "Name": "kopera-member",
              "Project": "certplatform"
            },
            "timeouts": null,
            "ttl": [
              {
                "attribute_name": "",
                "enabled": false
              }
            ],
            "write_capacity": 0
          },
          "sensitive_attributes": [],
          "identity_schema_version": 0,
          "private": "eyJlMmJmYjczMC1lY2FhLTExZTYtOGY4OC0zNDM2M2JjN2M0YzAiOnsiY3JlYXRlIjoxODAwMDAwMDAwMDAwLCJkZWxldGUiOjYwMDAwMDAwMDAwMCwidXBkYXRlIjozNjAwMDAwMDAwMDAwfSwic2NoZW1hX3ZlcnNpb24iOiIxIn0=",
          "create_before_destroy": true
        }
      ]
    },
    {
      "mode": "managed",
      "type": "aws_iam_role",
      "name": "lambda_exec",
      "provider": "provider[\"registry.terraform.io/hashicorp/aws\"]",
      "instances": [
        {
          "schema_version": 0,
          "attributes": {
            "arn": "arn:aws:iam::560232212166:role/certplatform-prod-lambda-exec",
            "assume_role_policy": "{\"Statement\":[{\"Action\":\"sts:AssumeRole\",\"Effect\":\"Allow\",\"Principal\":{\"Service\":\"lambda.amazonaws.com\"},\"Sid\":\"LambdaAssumeRole\"}],\"Version\":\"2012-10-17\"}",
            "create_date": "2026-03-09T15:25:37Z",
            "description": "",
            "force_detach_policies": false,
            "id": "certplatform-prod-lambda-exec",
            "inline_policy": [
              {
                "name": "apigw",
                "policy": "{\"Version\":\"2012-10-17\",\"Statement\":[{\"Action\":[\"execute-api:Invoke\"],\"Effect\":\"Allow\",\"Resource\":[\"arn:aws:execute-api:us-east-1:560232212166:8ajfrnzdag/prod/*/*\"],\"Sid\":\"InvokeOwnAPIGateway\"}]}"
              },
              {
                "name": "cloudwatch",
                "policy": "{\"Version\":\"2012-10-17\",\"Statement\":[{\"Action\":[\"logs:CreateLogGroup\",\"logs:CreateLogStream\",\"logs:PutLogEvents\"],\"Effect\":\"Allow\",\"Resource\":[\"arn:aws:logs:us-east-1:560232212166:log-group:/aws/lambda/certplatform-prod-*\",\"arn:aws:logs:us-east-1:560232212166:log-group:/aws/lambda/certplatform-prod-*:*\"],\"Sid\":\"CloudWatchLogs\"}]}"
              },
              {
                "name": "dynamodb",
                "policy": "{\"Version\":\"2012-10-17\",\"Statement\":[{\"Action\":[\"dynamodb:GetItem\",\"dynamodb:PutItem\",\"dynamodb:UpdateItem\",\"dynamodb:DeleteItem\",\"dynamodb:Query\",\"dynamodb:Scan\"],\"Effect\":\"Allow\",\"Resource\":[\"arn:aws:dynamodb:us-east-1:560232212166:table/kopera-company\",\"arn:aws:dynamodb:us-east-1:560232212166:table/kopera-member\",\"arn:aws:dynamodb:us-east-1:560232212166:table/kopera-company/index/*\",\"arn:aws:dynamodb:us-east-1:560232212166:table/kopera-member/index/*\"],\"Sid\":\"DynamoDBAccess\"}]}"
              },
              {
                "name": "s3",
                "policy": "{\"Version\":\"2012-10-17\",\"Statement\":[{\"Action\":[\"s3:PutObject\",\"s3:GetObject\",\"s3:HeadObject\",\"s3:DeleteObject\",\"s3:ListBucket\"],\"Effect\":\"Allow\",\"Resource\":[\"arn:aws:s3:::kopera-certificate\",\"arn:aws:s3:::kopera-certificate/*\"],\"Sid\":\"S3CertificateWrite\"},{\"Action\":[\"s3:GetObject\",\"s3:ListBucket\"],\"Effect\":\"Allow\",\"Resource\":[\"arn:aws:s3:::kopera-asset\",\"arn:aws:s3:::kopera-asset/*\"],\"Sid\":\"S3AssetRead\"}]}"
              }
            ],
            "managed_policy_arns": [],
            "max_session_duration": 3600,
            "name": "certplatform-prod-lambda-exec",
            "name_prefix": "",
            "path": "/",
            "permissions_boundary": "",
            "tags": {
              "Environment": "prod",
              "ManagedBy": "Terraform",
              "Project": "certplatform"
            },
            "tags_all": {
              "Environment": "prod",
              "ManagedBy": "Terraform",
              "Project": "certplatform"
            },
            "unique_id": "AROAYE4DRE3DB7L7BHSRY"
          },
          "sensitive_attributes": [],
          "identity_schema_version": 0,
          "private": "bnVsbA==",
          "dependencies": [
            "data.aws_iam_policy_document.lambda_assume_role"
          ],
          "create_before_destroy": true
        }
      ]
    },
    {
      "mode": "managed",
      "type": "aws_iam_role",
      "name": "lambda_retrieval_exec",
      "provider": "provider[\"registry.terraform.io/hashicorp/aws\"]",
      "instances": [
        {
          "schema_version": 0,
          "attributes": {
            "arn": "arn:aws:iam::560232212166:role/certplatform-prod-lambda-retrieval-exec",
            "assume_role_policy": "{\"Statement\":[{\"Action\":\"sts:AssumeRole\",\"Effect\":\"Allow\",\"Principal\":{\"Service\":\"lambda.amazonaws.com\"},\"Sid\":\"LambdaAssumeRole\"}],\"Version\":\"2012-10-17\"}",
            "create_date": "2026-03-09T15:25:37Z",
            "description": "",
            "force_detach_policies": false,
            "id": "certplatform-prod-lambda-retrieval-exec",
            "inline_policy": [
              {
                "name": "apigw",
                "policy": "{\"Version\":\"2012-10-17\",\"Statement\":[{\"Action\":[\"execute-api:Invoke\"],\"Effect\":\"Allow\",\"Resource\":[\"arn:aws:execute-api:us-east-1:560232212166:8ajfrnzdag/prod/*/*\"],\"Sid\":\"InvokeAPIGateway\"}]}"
              },
              {
                "name": "cloudwatch",
                "policy": "{\"Version\":\"2012-10-17\",\"Statement\":[{\"Action\":[\"logs:CreateLogGroup\",\"logs:CreateLogStream\",\"logs:PutLogEvents\"],\"Effect\":\"Allow\",\"Resource\":[\"arn:aws:logs:us-east-1:560232212166:log-group:/aws/lambda/certplatform-prod-*\",\"arn:aws:logs:us-east-1:560232212166:log-group:/aws/lambda/certplatform-prod-*:*\"],\"Sid\":\"CloudWatchLogs\"}]}"
              },
              {
                "name": "dynamodb-scan",
                "policy": "{\"Version\":\"2012-10-17\",\"Statement\":[{\"Action\":[\"dynamodb:Scan\",\"dynamodb:GetItem\",\"dynamodb:Query\"],\"Effect\":\"Allow\",\"Resource\":[\"arn:aws:dynamodb:us-east-1:560232212166:table/kopera-member\",\"arn:aws:dynamodb:us-east-1:560232212166:table/kopera-member/index/*\"],\"Sid\":\"DynamoDBScanAndGet\"}]}"
              },
              {
                "name": "s3-presign",
                "policy": "{\"Version\":\"2012-10-17\",\"Statement\":[{\"Action\":[\"s3:GetObject\",\"s3:ListBucket\"],\"Effect\":\"Allow\",\"Resource\":[\"arn:aws:s3:::kopera-certificate\",\"arn:aws:s3:::kopera-certificate/*\"],\"Sid\":\"S3CertificateRead\"}]}"
              }
            ],
            "managed_policy_arns": [],
            "max_session_duration": 3600,
            "name": "certplatform-prod-lambda-retrieval-exec",
            "name_prefix": "",
            "path": "/",
            "permissions_boundary": "",
            "tags": {
              "Environment": "prod",
              "ManagedBy": "Terraform",
              "Project": "certplatform"
            },
            "tags_all": {
              "Environment": "prod",
              "ManagedBy": "Terraform",
              "Project": "certplatform"
            },
            "unique_id": "AROAYE4DRE3DOH4ERFW27"
          },
          "sensitive_attributes": [],
          "identity_schema_version": 0,
          "private": "bnVsbA==",
          "create_before_destroy": true
        }
      ]
    },
    {
      "mode": "managed",
      "type": "aws_iam_role_policy",
      "name": "lambda_apigw",
      "provider": "provider[\"registry.terraform.io/hashicorp/aws\"]",
      "instances": [
        {
          "schema_version": 0,
          "attributes": {
            "id": "certplatform-prod-lambda-exec:apigw",
            "name": "apigw",
            "name_prefix": "",
            "policy": "{\"Version\":\"2012-10-17\",\"Statement\":[{\"Action\":[\"execute-api:Invoke\"],\"Effect\":\"Allow\",\"Resource\":[\"arn:aws:execute-api:us-east-1:560232212166:8ajfrnzdag/prod/*/*\"],\"Sid\":\"InvokeOwnAPIGateway\"}]}",
            "role": "certplatform-prod-lambda-exec"
          },
          "sensitive_attributes": [],
          "identity_schema_version": 0,
          "private": "bnVsbA==",
          "dependencies": [
            "aws_api_gateway_rest_api.main",
            "aws_iam_role.lambda_exec",
            "data.aws_iam_policy_document.lambda_assume_role"
          ],
          "create_before_destroy": true
        }
      ]
    },
    {
      "mode": "managed",
      "type": "aws_iam_role_policy",
      "name": "lambda_cloudwatch",
      "provider": "provider[\"registry.terraform.io/hashicorp/aws\"]",
      "instances": [
        {
          "schema_version": 0,
          "attributes": {
            "id": "certplatform-prod-lambda-exec:cloudwatch",
            "name": "cloudwatch",
            "name_prefix": "",
            "policy": "{\"Version\":\"2012-10-17\",\"Statement\":[{\"Action\":[\"logs:CreateLogGroup\",\"logs:CreateLogStream\",\"logs:PutLogEvents\"],\"Effect\":\"Allow\",\"Resource\":[\"arn:aws:logs:us-east-1:560232212166:log-group:/aws/lambda/certplatform-prod-*\",\"arn:aws:logs:us-east-1:560232212166:log-group:/aws/lambda/certplatform-prod-*:*\"],\"Sid\":\"CloudWatchLogs\"}]}",
            "role": "certplatform-prod-lambda-exec"
          },
          "sensitive_attributes": [],
          "identity_schema_version": 0,
          "private": "bnVsbA==",
          "dependencies": [
            "aws_iam_role.lambda_exec",
            "data.aws_caller_identity.current",
            "data.aws_iam_policy_document.lambda_assume_role",
            "data.aws_partition.current"
          ],
          "create_before_destroy": true
        }
      ]
    },
    {
      "mode": "managed",
      "type": "aws_iam_role_policy",
      "name": "lambda_dynamodb",
      "provider": "provider[\"registry.terraform.io/hashicorp/aws\"]",
      "instances": [
        {
          "schema_version": 0,
          "attributes": {
            "id": "certplatform-prod-lambda-exec:dynamodb",
            "name": "dynamodb",
            "name_prefix": "",
            "policy": "{\"Version\":\"2012-10-17\",\"Statement\":[{\"Action\":[\"dynamodb:GetItem\",\"dynamodb:PutItem\",\"dynamodb:UpdateItem\",\"dynamodb:DeleteItem\",\"dynamodb:Query\",\"dynamodb:Scan\"],\"Effect\":\"Allow\",\"Resource\":[\"arn:aws:dynamodb:us-east-1:560232212166:table/kopera-company\",\"arn:aws:dynamodb:us-east-1:560232212166:table/kopera-member\",\"arn:aws:dynamodb:us-east-1:560232212166:table/kopera-admin\",\"arn:aws:dynamodb:us-east-1:560232212166:table/kopera-company/index/*\",\"arn:aws:dynamodb:us-east-1:560232212166:table/kopera-member/index/*\"],\"Sid\":\"DynamoDBAccess\"}]}",
            "role": "certplatform-prod-lambda-exec"
          },
          "sensitive_attributes": [],
          "identity_schema_version": 0,
          "private": "bnVsbA==",
          "dependencies": [
            "aws_dynamodb_table.kopera-admin",
            "aws_dynamodb_table.kopera-company",
            "aws_dynamodb_table.kopera-member",
            "aws_iam_role.lambda_exec",
            "data.aws_iam_policy_document.lambda_assume_role"
          ],
          "create_before_destroy": true
        }
      ]
    },
    {
      "mode": "managed",
      "type": "aws_iam_role_policy",
      "name": "lambda_s3",
      "provider": "provider[\"registry.terraform.io/hashicorp/aws\"]",
      "instances": [
        {
          "schema_version": 0,
          "attributes": {
            "id": "certplatform-prod-lambda-exec:s3",
            "name": "s3",
            "name_prefix": "",
            "policy": "{\"Version\":\"2012-10-17\",\"Statement\":[{\"Action\":[\"s3:PutObject\",\"s3:GetObject\",\"s3:HeadObject\",\"s3:DeleteObject\",\"s3:ListBucket\"],\"Effect\":\"Allow\",\"Resource\":[\"arn:aws:s3:::kopera-certificate\",\"arn:aws:s3:::kopera-certificate/*\"],\"Sid\":\"S3CertificateWrite\"},{\"Action\":[\"s3:GetObject\",\"s3:ListBucket\"],\"Effect\":\"Allow\",\"Resource\":[\"arn:aws:s3:::kopera-asset\",\"arn:aws:s3:::kopera-asset/*\"],\"Sid\":\"S3AssetRead\"}]}",
            "role": "certplatform-prod-lambda-exec"
          },
          "sensitive_attributes": [],
          "identity_schema_version": 0,
          "private": "bnVsbA==",
          "dependencies": [
            "aws_iam_role.lambda_exec",
            "aws_s3_bucket.kopera-asset",
            "aws_s3_bucket.kopera-certificate",
            "data.aws_iam_policy_document.lambda_assume_role"
          ],
          "create_before_destroy": true
        }
      ]
    },
    {
      "mode": "managed",
      "type": "aws_iam_role_policy",
      "name": "retrieval_apigw",
      "provider": "provider[\"registry.terraform.io/hashicorp/aws\"]",
      "instances": [
        {
          "schema_version": 0,
          "attributes": {
            "id": "certplatform-prod-lambda-retrieval-exec:apigw",
            "name": "apigw",
            "name_prefix": "",
            "policy": "{\"Version\":\"2012-10-17\",\"Statement\":[{\"Action\":[\"execute-api:Invoke\"],\"Effect\":\"Allow\",\"Resource\":[\"arn:aws:execute-api:us-east-1:560232212166:8ajfrnzdag/prod/*/*\"],\"Sid\":\"InvokeAPIGateway\"}]}",
            "role": "certplatform-prod-lambda-retrieval-exec"
          },
          "sensitive_attributes": [],
          "identity_schema_version": 0,
          "private": "bnVsbA==",
          "dependencies": [
            "aws_api_gateway_rest_api.main",
            "aws_iam_role.lambda_retrieval_exec"
          ],
          "create_before_destroy": true
        }
      ]
    },
    {
      "mode": "managed",
      "type": "aws_iam_role_policy",
      "name": "retrieval_cloudwatch",
      "provider": "provider[\"registry.terraform.io/hashicorp/aws\"]",
      "instances": [
        {
          "schema_version": 0,
          "attributes": {
            "id": "certplatform-prod-lambda-retrieval-exec:cloudwatch",
            "name": "cloudwatch",
            "name_prefix": "",
            "policy": "{\"Version\":\"2012-10-17\",\"Statement\":[{\"Action\":[\"logs:CreateLogGroup\",\"logs:CreateLogStream\",\"logs:PutLogEvents\"],\"Effect\":\"Allow\",\"Resource\":[\"arn:aws:logs:us-east-1:560232212166:log-group:/aws/lambda/certplatform-prod-*\",\"arn:aws:logs:us-east-1:560232212166:log-group:/aws/lambda/certplatform-prod-*:*\"],\"Sid\":\"CloudWatchLogs\"}]}",
            "role": "certplatform-prod-lambda-retrieval-exec"
          },
          "sensitive_attributes": [],
          "identity_schema_version": 0,
          "private": "bnVsbA==",
          "dependencies": [
            "aws_iam_role.lambda_retrieval_exec",
            "data.aws_caller_identity.current",
            "data.aws_partition.current"
          ],
          "create_before_destroy": true
        }
      ]
    },
    {
      "mode": "managed",
      "type": "aws_iam_role_policy",
      "name": "retrieval_dynamodb_scan",
      "provider": "provider[\"registry.terraform.io/hashicorp/aws\"]",
      "instances": [
        {
          "schema_version": 0,
          "attributes": {
            "id": "certplatform-prod-lambda-retrieval-exec:dynamodb-scan",
            "name": "dynamodb-scan",
            "name_prefix": "",
            "policy": "{\"Version\":\"2012-10-17\",\"Statement\":[{\"Action\":[\"dynamodb:Scan\",\"dynamodb:GetItem\",\"dynamodb:Query\"],\"Effect\":\"Allow\",\"Resource\":[\"arn:aws:dynamodb:us-east-1:560232212166:table/kopera-member\",\"arn:aws:dynamodb:us-east-1:560232212166:table/kopera-member/index/*\"],\"Sid\":\"DynamoDBScanAndGet\"}]}",
            "role": "certplatform-prod-lambda-retrieval-exec"
          },
          "sensitive_attributes": [],
          "identity_schema_version": 0,
          "private": "bnVsbA==",
          "dependencies": [
            "aws_dynamodb_table.kopera-member",
            "aws_iam_role.lambda_retrieval_exec"
          ],
          "create_before_destroy": true
        }
      ]
    },
    {
      "mode": "managed",
      "type": "aws_iam_role_policy",
      "name": "retrieval_s3",
      "provider": "provider[\"registry.terraform.io/hashicorp/aws\"]",
      "instances": [
        {
          "schema_version": 0,
          "attributes": {
            "id": "certplatform-prod-lambda-retrieval-exec:s3-presign",
            "name": "s3-presign",
            "name_prefix": "",
            "policy": "{\"Version\":\"2012-10-17\",\"Statement\":[{\"Action\":[\"s3:GetObject\",\"s3:ListBucket\"],\"Effect\":\"Allow\",\"Resource\":[\"arn:aws:s3:::kopera-certificate\",\"arn:aws:s3:::kopera-certificate/*\"],\"Sid\":\"S3CertificateRead\"}]}",
            "role": "certplatform-prod-lambda-retrieval-exec"
          },
          "sensitive_attributes": [],
          "identity_schema_version": 0,
          "private": "bnVsbA==",
          "dependencies": [
            "aws_iam_role.lambda_retrieval_exec",
            "aws_s3_bucket.kopera-certificate"
          ],
          "create_before_destroy": true
        }
      ]
    },
    {
      "mode": "managed",
      "type": "aws_lambda_function",
      "name": "certificate_handler",
      "provider": "provider[\"registry.terraform.io/hashicorp/aws\"]",
      "instances": [
        {
          "schema_version": 0,
          "attributes": {
            "architectures": [
              "x86_64"
            ],
            "arn": "arn:aws:lambda:us-east-1:560232212166:function:certplatform-prod-certificate-handler",
            "code_sha256": "mYEsEF3kzyBw+ijNI1XmXruOWBGH9l9j+36z0y4IKSg=",
            "code_signing_config_arn": "",
            "dead_letter_config": [],
            "description": "Generates PDF/JPEG certificates, uploads to S3, updates DynamoDB",
            "environment": [
              {
                "variables": {
                  "ADMIN_TABLE": "kopera-admin",
                  "API_BASE_URL": "https://8ajfrnzdag.execute-api.us-east-1.amazonaws.com/prod",
                  "ASSETS_BUCKET": "kopera-asset",
                  "CERTS_BUCKET": "kopera-certificate",
                  "COMPANIES_TABLE": "kopera-company",
                  "ENVIRONMENT": "prod",
                  "MEMBERS_TABLE": "kopera-member"
                }
              }
            ],
            "ephemeral_storage": [
              {
                "size": 512
              }
            ],
            "file_system_config": [],
            "filename": null,
            "function_name": "certplatform-prod-certificate-handler",
            "handler": "handler.lambda_handler",
            "id": "certplatform-prod-certificate-handler",
            "image_config": [],
            "image_uri": "",
            "invoke_arn": "arn:aws:apigateway:us-east-1:lambda:path/2015-03-31/functions/arn:aws:lambda:us-east-1:560232212166:function:certplatform-prod-certificate-handler/invocations",
            "kms_key_arn": "",
            "last_modified": "2026-03-09T20:34:10.000+0000",
            "layers": [],
            "logging_config": [
              {
                "application_log_level": "",
                "log_format": "Text",
                "log_group": "/aws/lambda/certplatform-prod-certificate-handler",
                "system_log_level": ""
              }
            ],
            "memory_size": 1024,
            "package_type": "Zip",
            "publish": false,
            "qualified_arn": "arn:aws:lambda:us-east-1:560232212166:function:certplatform-prod-certificate-handler:$LATEST",
            "qualified_invoke_arn": "arn:aws:apigateway:us-east-1:lambda:path/2015-03-31/functions/arn:aws:lambda:us-east-1:560232212166:function:certplatform-prod-certificate-handler:$LATEST/invocations",
            "replace_security_groups_on_destroy": null,
            "replacement_security_group_ids": null,
            "reserved_concurrent_executions": -1,
            "role": "arn:aws:iam::560232212166:role/certplatform-prod-lambda-exec",
            "runtime": "python3.12",
            "s3_bucket": "kopera-asset",
            "s3_key": "lambda/certificate_handler.zip",
            "s3_object_version": null,
            "signing_job_arn": "",
            "signing_profile_version_arn": "",
            "skip_destroy": false,
            "snap_start": [],
            "source_code_hash": "",
            "source_code_size": 10054994,
            "tags": {
              "Environment": "prod",
              "ManagedBy": "Terraform",
              "Project": "certplatform"
            },
            "tags_all": {
              "Environment": "prod",
              "ManagedBy": "Terraform",
              "Project": "certplatform"
            },
            "timeout": 120,
            "timeouts": null,
            "tracing_config": [
              {
                "mode": "PassThrough"
              }
            ],
            "version": "$LATEST",
            "vpc_config": []
          },
          "sensitive_attributes": [],
          "identity_schema_version": 0,
          "private": "eyJlMmJmYjczMC1lY2FhLTExZTYtOGY4OC0zNDM2M2JjN2M0YzAiOnsiY3JlYXRlIjo2MDAwMDAwMDAwMDAsImRlbGV0ZSI6NjAwMDAwMDAwMDAwLCJ1cGRhdGUiOjYwMDAwMDAwMDAwMH19",
          "dependencies": [
            "aws_api_gateway_rest_api.main",
            "aws_dynamodb_table.kopera-admin",
            "aws_dynamodb_table.kopera-company",
            "aws_dynamodb_table.kopera-member",
            "aws_iam_role.lambda_exec",
            "aws_iam_role_policy.lambda_apigw",
            "aws_iam_role_policy.lambda_cloudwatch",
            "aws_iam_role_policy.lambda_dynamodb",
            "aws_iam_role_policy.lambda_s3",
            "aws_s3_bucket.kopera-asset",
            "aws_s3_bucket.kopera-certificate",
            "data.aws_caller_identity.current",
            "data.aws_iam_policy_document.lambda_assume_role",
            "data.aws_partition.current"
          ],
          "create_before_destroy": true
        }
      ]
    },
    {
      "mode": "managed",
      "type": "aws_lambda_function",
      "name": "certificate_retrieval",
      "provider": "provider[\"registry.terraform.io/hashicorp/aws\"]",
      "instances": [
        {
          "schema_version": 0,
          "attributes": {
            "architectures": [
              "x86_64"
            ],
            "arn": "arn:aws:lambda:us-east-1:560232212166:function:certplatform-prod-certificate-retrieval",
            "code_sha256": "GqSifuMkc8NUlcB44huMoTye0ENYUv/HYUBPGncmMTY=",
            "code_signing_config_arn": "",
            "dead_letter_config": [],
            "description": "Looks up a member by phone number and returns pre-signed certificate download URLs",
            "environment": [
              {
                "variables": {
                  "API_BASE_URL": "https://8ajfrnzdag.execute-api.us-east-1.amazonaws.com/prod",
                  "CERTS_BUCKET": "kopera-certificate",
                  "ENVIRONMENT": "prod",
                  "MEMBERS_TABLE": "kopera-member",
                  "TWILIO_ACCOUNT_SID": "AC251485462ba1efded83ef97d638a2279",
                  "TWILIO_AUTH_TOKEN": "2c7fa3467194847e5ef2395a9bc5369c",
                  "TWILIO_WHATSAPP_FROM": "whatsapp:+18665287758"
                }
              }
            ],
            "ephemeral_storage": [
              {
                "size": 512
              }
            ],
            "file_system_config": [],
            "filename": null,
            "function_name": "certplatform-prod-certificate-retrieval",
            "handler": "certificate_retrieval_handler.lambda_handler",
            "id": "certplatform-prod-certificate-retrieval",
            "image_config": [],
            "image_uri": "",
            "invoke_arn": "arn:aws:apigateway:us-east-1:lambda:path/2015-03-31/functions/arn:aws:lambda:us-east-1:560232212166:function:certplatform-prod-certificate-retrieval/invocations",
            "kms_key_arn": "",
            "last_modified": "2026-03-09T15:26:03.085+0000",
            "layers": [],
            "logging_config": [
              {
                "application_log_level": "",
                "log_format": "Text",
                "log_group": "/aws/lambda/certplatform-prod-certificate-retrieval",
                "system_log_level": ""
              }
            ],
            "memory_size": 256,
            "package_type": "Zip",
            "publish": false,
            "qualified_arn": "arn:aws:lambda:us-east-1:560232212166:function:certplatform-prod-certificate-retrieval:$LATEST",
            "qualified_invoke_arn": "arn:aws:apigateway:us-east-1:lambda:path/2015-03-31/functions/arn:aws:lambda:us-east-1:560232212166:function:certplatform-prod-certificate-retrieval:$LATEST/invocations",
            "replace_security_groups_on_destroy": null,
            "replacement_security_group_ids": null,
            "reserved_concurrent_executions": -1,
            "role": "arn:aws:iam::560232212166:role/certplatform-prod-lambda-retrieval-exec",
            "runtime": "python3.12",
            "s3_bucket": "kopera-asset",
            "s3_key": "lambda/certificate_retrieval.zip",
            "s3_object_version": null,
            "signing_job_arn": "",
            "signing_profile_version_arn": "",
            "skip_destroy": false,
            "snap_start": [],
            "source_code_hash": "",
            "source_code_size": 4777636,
            "tags": {
              "Environment": "prod",
              "ManagedBy": "Terraform",
              "Project": "certplatform"
            },
            "tags_all": {
              "Environment": "prod",
              "ManagedBy": "Terraform",
              "Project": "certplatform"
            },
            "timeout": 30,
            "timeouts": null,
            "tracing_config": [
              {
                "mode": "PassThrough"
              }
            ],
            "version": "$LATEST",
            "vpc_config": []
          },
          "sensitive_attributes": [],
          "identity_schema_version": 0,
          "private": "eyJlMmJmYjczMC1lY2FhLTExZTYtOGY4OC0zNDM2M2JjN2M0YzAiOnsiY3JlYXRlIjo2MDAwMDAwMDAwMDAsImRlbGV0ZSI6NjAwMDAwMDAwMDAwLCJ1cGRhdGUiOjYwMDAwMDAwMDAwMH19",
          "dependencies": [
            "aws_api_gateway_rest_api.main",
            "aws_dynamodb_table.kopera-member",
            "aws_iam_role.lambda_retrieval_exec",
            "aws_iam_role_policy.retrieval_apigw",
            "aws_iam_role_policy.retrieval_cloudwatch",
            "aws_iam_role_policy.retrieval_dynamodb_scan",
            "aws_iam_role_policy.retrieval_s3",
            "aws_s3_bucket.kopera-asset",
            "aws_s3_bucket.kopera-certificate",
            "data.aws_caller_identity.current",
            "data.aws_partition.current"
          ],
          "create_before_destroy": true
        }
      ]
    },
    {
      "mode": "managed",
      "type": "aws_lambda_permission",
      "name": "apigw_invoke",
      "provider": "provider[\"registry.terraform.io/hashicorp/aws\"]",
      "instances": [
        {
          "schema_version": 0,
          "attributes": {
            "action": "lambda:InvokeFunction",
            "event_source_token": null,
            "function_name": "certplatform-prod-certificate-handler",
            "function_url_auth_type": null,
            "id": "AllowAPIGatewayInvoke",
            "principal": "apigateway.amazonaws.com",
            "principal_org_id": null,
            "qualifier": "",
            "source_account": null,
            "source_arn": "arn:aws:execute-api:us-east-1:560232212166:8ajfrnzdag/*/*",
            "statement_id": "AllowAPIGatewayInvoke",
            "statement_id_prefix": ""
          },
          "sensitive_attributes": [],
          "identity_schema_version": 0,
          "private": "bnVsbA==",
          "dependencies": [
            "aws_api_gateway_rest_api.main",
            "aws_dynamodb_table.kopera-admin",
            "aws_dynamodb_table.kopera-company",
            "aws_dynamodb_table.kopera-member",
            "aws_iam_role.lambda_exec",
            "aws_iam_role_policy.lambda_apigw",
            "aws_iam_role_policy.lambda_cloudwatch",
            "aws_iam_role_policy.lambda_dynamodb",
            "aws_iam_role_policy.lambda_s3",
            "aws_lambda_function.certificate_handler",
            "aws_s3_bucket.kopera-asset",
            "aws_s3_bucket.kopera-certificate",
            "data.aws_caller_identity.current",
            "data.aws_iam_policy_document.lambda_assume_role",
            "data.aws_partition.current"
          ]
        }
      ]
    },
    {
      "mode": "managed",
      "type": "aws_lambda_permission",
      "name": "apigw_invoke_retrieval",
      "provider": "provider[\"registry.terraform.io/hashicorp/aws\"]",
      "instances": [
        {
          "schema_version": 0,
          "attributes": {
            "action": "lambda:InvokeFunction",
            "event_source_token": null,
            "function_name": "certplatform-prod-certificate-retrieval",
            "function_url_auth_type": null,
            "id": "AllowAPIGatewayInvokeRetrieval",
            "principal": "apigateway.amazonaws.com",
            "principal_org_id": null,
            "qualifier": "",
            "source_account": null,
            "source_arn": "arn:aws:execute-api:us-east-1:560232212166:8ajfrnzdag/*/*",
            "statement_id": "AllowAPIGatewayInvokeRetrieval",
            "statement_id_prefix": ""
          },
          "sensitive_attributes": [],
          "identity_schema_version": 0,
          "private": "bnVsbA==",
          "dependencies": [
            "aws_api_gateway_rest_api.main",
            "aws_dynamodb_table.kopera-member",
            "aws_iam_role.lambda_retrieval_exec",
            "aws_iam_role_policy.retrieval_apigw",
            "aws_iam_role_policy.retrieval_cloudwatch",
            "aws_iam_role_policy.retrieval_dynamodb_scan",
            "aws_iam_role_policy.retrieval_s3",
            "aws_lambda_function.certificate_retrieval",
            "aws_s3_bucket.kopera-asset",
            "aws_s3_bucket.kopera-certificate",
            "data.aws_caller_identity.current",
            "data.aws_partition.current"
          ]
        }
      ]
    },
    {
      "mode": "managed",
      "type": "aws_s3_bucket",
      "name": "kopera-asset",
      "provider": "provider[\"registry.terraform.io/hashicorp/aws\"]",
      "instances": [
        {
          "schema_version": 0,
          "attributes": {
            "acceleration_status": "",
            "acl": null,
            "arn": "arn:aws:s3:::kopera-asset",
            "bucket": "kopera-asset",
            "bucket_domain_name": "kopera-asset.s3.amazonaws.com",
            "bucket_prefix": "",
            "bucket_regional_domain_name": "kopera-asset.s3.us-east-1.amazonaws.com",
            "cors_rule": [],
            "force_destroy": false,
            "grant": [
              {
                "id": "bb038b9ebbf1766cd0461932855768cb357f7c68cd65e742c2fa712b6227f642",
                "permissions": [
                  "FULL_CONTROL"
                ],
                "type": "CanonicalUser",
                "uri": ""
              }
            ],
            "hosted_zone_id": "Z3AQBSTGFYJSTF",
            "id": "kopera-asset",
            "lifecycle_rule": [],
            "logging": [],
            "object_lock_configuration": [],
            "object_lock_enabled": false,
            "policy": "",
            "region": "us-east-1",
            "replication_configuration": [],
            "request_payer": "BucketOwner",
            "server_side_encryption_configuration": [
              {
                "rule": [
                  {
                    "apply_server_side_encryption_by_default": [
                      {
                        "kms_master_key_id": "",
                        "sse_algorithm": "aws:kms"
                      }
                    ],
                    "bucket_key_enabled": true
                  }
                ]
              }
            ],
            "tags": {
              "Environment": "prod",
              "ManagedBy": "Terraform",
              "Name": "kopera-asset",
              "Project": "certplatform"
            },
            "tags_all": {
              "Environment": "prod",
              "ManagedBy": "Terraform",
              "Name": "kopera-asset",
              "Project": "certplatform"
            },
            "timeouts": null,
            "versioning": [
              {
                "enabled": true,
                "mfa_delete": false
              }
            ],
            "website": [],
            "website_domain": null,
            "website_endpoint": null
          },
          "sensitive_attributes": [],
          "identity_schema_version": 0,
          "private": "eyJlMmJmYjczMC1lY2FhLTExZTYtOGY4OC0zNDM2M2JjN2M0YzAiOnsiY3JlYXRlIjoxMjAwMDAwMDAwMDAwLCJkZWxldGUiOjM2MDAwMDAwMDAwMDAsInJlYWQiOjEyMDAwMDAwMDAwMDAsInVwZGF0ZSI6MTIwMDAwMDAwMDAwMH19",
          "create_before_destroy": true
        }
      ]
    },
    {
      "mode": "managed",
      "type": "aws_s3_bucket",
      "name": "kopera-certificate",
      "provider": "provider[\"registry.terraform.io/hashicorp/aws\"]",
      "instances": [
        {
          "schema_version": 0,
          "attributes": {
            "acceleration_status": "",
            "acl": null,
            "arn": "arn:aws:s3:::kopera-certificate",
            "bucket": "kopera-certificate",
            "bucket_domain_name": "kopera-certificate.s3.amazonaws.com",
            "bucket_prefix": "",
            "bucket_regional_domain_name": "kopera-certificate.s3.us-east-1.amazonaws.com",
            "cors_rule": [],
            "force_destroy": false,
            "grant": [
              {
                "id": "bb038b9ebbf1766cd0461932855768cb357f7c68cd65e742c2fa712b6227f642",
                "permissions": [
                  "FULL_CONTROL"
                ],
                "type": "CanonicalUser",
                "uri": ""
              }
            ],
            "hosted_zone_id": "Z3AQBSTGFYJSTF",
            "id": "kopera-certificate",
            "lifecycle_rule": [
              {
                "abort_incomplete_multipart_upload_days": 0,
                "enabled": true,
                "expiration": [],
                "id": "certificates-transition-to-ia",
                "noncurrent_version_expiration": [
                  {
                    "days": 365
                  }
                ],
                "noncurrent_version_transition": [],
                "prefix": "certificates/",
                "tags": {},
                "transition": [
                  {
                    "date": "",
                    "days": 90,
                    "storage_class": "STANDARD_IA"
                  }
                ]
              }
            ],
            "logging": [],
            "object_lock_configuration": [],
            "object_lock_enabled": false,
            "policy": "",
            "region": "us-east-1",
            "replication_configuration": [],
            "request_payer": "BucketOwner",
            "server_side_encryption_configuration": [
              {
                "rule": [
                  {
                    "apply_server_side_encryption_by_default": [
                      {
                        "kms_master_key_id": "",
                        "sse_algorithm": "AES256"
                      }
                    ],
                    "bucket_key_enabled": false
                  }
                ]
              }
            ],
            "tags": {
              "Environment": "prod",
              "ManagedBy": "Terraform",
              "Name": "kopera-certificate",
              "Project": "certplatform"
            },
            "tags_all": {
              "Environment": "prod",
              "ManagedBy": "Terraform",
              "Name": "kopera-certificate",
              "Project": "certplatform"
            },
            "timeouts": null,
            "versioning": [
              {
                "enabled": true,
                "mfa_delete": false
              }
            ],
            "website": [],
            "website_domain": null,
            "website_endpoint": null
          },
          "sensitive_attributes": [],
          "identity_schema_version": 0,
          "private": "eyJlMmJmYjczMC1lY2FhLTExZTYtOGY4OC0zNDM2M2JjN2M0YzAiOnsiY3JlYXRlIjoxMjAwMDAwMDAwMDAwLCJkZWxldGUiOjM2MDAwMDAwMDAwMDAsInJlYWQiOjEyMDAwMDAwMDAwMDAsInVwZGF0ZSI6MTIwMDAwMDAwMDAwMH19",
          "create_before_destroy": true
        }
      ]
    },
    {
      "mode": "managed",
      "type": "aws_s3_bucket_lifecycle_configuration",
      "name": "kopera-certificate",
      "provider": "provider[\"registry.terraform.io/hashicorp/aws\"]",
      "instances": [
        {
          "schema_version": 1,
          "attributes": {
            "bucket": "kopera-certificate",
            "expected_bucket_owner": "",
            "id": "kopera-certificate",
            "rule": [
              {
                "abort_incomplete_multipart_upload": [],
                "expiration": [],
                "filter": [
                  {
                    "and": [],
                    "object_size_greater_than": null,
                    "object_size_less_than": null,
                    "prefix": "certificates/",
                    "tag": []
                  }
                ],
                "id": "certificates-transition-to-ia",
                "noncurrent_version_expiration": [
                  {
                    "newer_noncurrent_versions": null,
                    "noncurrent_days": 365
                  }
                ],
                "noncurrent_version_transition": [],
                "prefix": "",
                "status": "Enabled",
                "transition": [
                  {
                    "date": null,
                    "days": 90,
                    "storage_class": "STANDARD_IA"
                  }
                ]
              }
            ],
            "timeouts": null,
            "transition_default_minimum_object_size": "all_storage_classes_128K"
          },
          "sensitive_attributes": [],
          "identity_schema_version": 0,
          "dependencies": [
            "aws_s3_bucket.kopera-certificate"
          ]
        }
      ]
    },
    {
      "mode": "managed",
      "type": "aws_s3_bucket_public_access_block",
      "name": "kopera-asset",
      "provider": "provider[\"registry.terraform.io/hashicorp/aws\"]",
      "instances": [
        {
          "schema_version": 0,
          "attributes": {
            "block_public_acls": true,
            "block_public_policy": true,
            "bucket": "kopera-asset",
            "id": "kopera-asset",
            "ignore_public_acls": true,
            "restrict_public_buckets": true
          },
          "sensitive_attributes": [],
          "identity_schema_version": 0,
          "private": "bnVsbA==",
          "dependencies": [
            "aws_s3_bucket.kopera-asset"
          ]
        }
      ]
    },
    {
      "mode": "managed",
      "type": "aws_s3_bucket_public_access_block",
      "name": "kopera-certificate",
      "provider": "provider[\"registry.terraform.io/hashicorp/aws\"]",
      "instances": [
        {
          "schema_version": 0,
          "attributes": {
            "block_public_acls": true,
            "block_public_policy": true,
            "bucket": "kopera-certificate",
            "id": "kopera-certificate",
            "ignore_public_acls": true,
            "restrict_public_buckets": true
          },
          "sensitive_attributes": [],
          "identity_schema_version": 0,
          "private": "bnVsbA==",
          "dependencies": [
            "aws_s3_bucket.kopera-certificate"
          ]
        }
      ]
    },
    {
      "mode": "managed",
      "type": "aws_s3_bucket_server_side_encryption_configuration",
      "name": "kopera-asset",
      "provider": "provider[\"registry.terraform.io/hashicorp/aws\"]",
      "instances": [
        {
          "schema_version": 0,
          "attributes": {
            "bucket": "kopera-asset",
            "expected_bucket_owner": "",
            "id": "kopera-asset",
            "rule": [
              {
                "apply_server_side_encryption_by_default": [
                  {
                    "kms_master_key_id": "",
                    "sse_algorithm": "aws:kms"
                  }
                ],
                "bucket_key_enabled": true
              }
            ]
          },
          "sensitive_attributes": [],
          "identity_schema_version": 0,
          "private": "bnVsbA==",
          "dependencies": [
            "aws_s3_bucket.kopera-asset"
          ]
        }
      ]
    },
    {
      "mode": "managed",
      "type": "aws_s3_bucket_server_side_encryption_configuration",
      "name": "kopera-certificate",
      "provider": "provider[\"registry.terraform.io/hashicorp/aws\"]",
      "instances": [
        {
          "schema_version": 0,
          "attributes": {
            "bucket": "kopera-certificate",
            "expected_bucket_owner": "",
            "id": "kopera-certificate",
            "rule": [
              {
                "apply_server_side_encryption_by_default": [
                  {
                    "kms_master_key_id": "",
                    "sse_algorithm": "AES256"
                  }
                ],
                "bucket_key_enabled": false
              }
            ]
          },
          "sensitive_attributes": [],
          "identity_schema_version": 0,
          "private": "bnVsbA==",
          "dependencies": [
            "aws_s3_bucket.kopera-certificate"
          ]
        }
      ]
    },
    {
      "mode": "managed",
      "type": "aws_s3_bucket_versioning",
      "name": "kopera-asset",
      "provider": "provider[\"registry.terraform.io/hashicorp/aws\"]",
      "instances": [
        {
          "schema_version": 0,
          "attributes": {
            "bucket": "kopera-asset",
            "expected_bucket_owner": "",
            "id": "kopera-asset",
            "mfa": null,
            "versioning_configuration": [
              {
                "mfa_delete": "",
                "status": "Enabled"
              }
            ]
          },
          "sensitive_attributes": [],
          "identity_schema_version": 0,
          "private": "bnVsbA==",
          "dependencies": [
            "aws_s3_bucket.kopera-asset"
          ]
        }
      ]
    },
    {
      "mode": "managed",
      "type": "aws_s3_bucket_versioning",
      "name": "kopera-certificate",
      "provider": "provider[\"registry.terraform.io/hashicorp/aws\"]",
      "instances": [
        {
          "schema_version": 0,
          "attributes": {
            "bucket": "kopera-certificate",
            "expected_bucket_owner": "",
            "id": "kopera-certificate",
            "mfa": null,
            "versioning_configuration": [
              {
                "mfa_delete": "",
                "status": "Enabled"
              }
            ]
          },
          "sensitive_attributes": [],
          "identity_schema_version": 0,
          "private": "bnVsbA==",
          "dependencies": [
            "aws_s3_bucket.kopera-certificate"
          ]
        }
      ]
    }
  ],
  "check_results": null
}
